Microsoft Visual Studio Solution File, Format Version 12.00
# Visual Studio Version 17
VisualStudioVersion = 17.12.35514.174
MinimumVisualStudioVersion = 10.0.40219.1
Project("{FAE04EC0-301F-11D3-BF4B-00C04F79EFBC}") = "D3DPresentation", "Addins\D3D\D3DPresentation\D3DPresentation.csproj", "{CC045934-084A-2BF3-0DAD-B535F9A50DDC}"
EndProject
Project("{FAE04EC0-301F-11D3-BF4B-00C04F79EFBC}") = "MLNet", "AddIns\MLNET\MLNET\MLNet.csproj", "{494A4C54-68F2-4A26-5EED-F64EB71C21C4}"
EndProject
Project("{FAE04EC0-301F-11D3-BF4B-00C04F79EFBC}") = "MLNetDependencies", "AddIns\MLNET\MLNetDependencies\MLNetDependencies.csproj", "{D81B6005-D617-CF7E-58B6-CF0563E93377}"
EndProject
Project("{FAE04EC0-301F-11D3-BF4B-00C04F79EFBC}") = "OpenXML.Presentation", "AddIns\OpenXML\OpenXML.Presentation\OpenXML.Presentation.csproj", "{AC48DB5C-DD41-B74B-E1E7-6977CFF0D2A3}"
EndProject
Project("{FAE04EC0-301F-11D3-BF4B-00C04F79EFBC}") = "OpenXML", "AddIns\OpenXML\OpenXML\OpenXML.csproj", "{F13C9B7E-5D0A-6BC6-D750-373B1D635007}"
EndProject
Project("{FAE04EC0-301F-11D3-BF4B-00C04F79EFBC}") = "OriginConnector", "AddIns\OriginConnector\OriginConnector.csproj", "{29077D04-7859-9B01-9A4B-D9698982D4F6}"
EndProject
Project("{FAE04EC0-301F-11D3-BF4B-00C04F79EFBC}") = "AltaxoBase.Presentation", "Altaxo\Base.Presentation\AltaxoBase.Presentation.csproj", "{18F7A81B-C0CF-62BC-F7D6-CB94A6E1336B}"
EndProject
Project("{FAE04EC0-301F-11D3-BF4B-00C04F79EFBC}") = "AltaxoBase", "Altaxo\Base\AltaxoBase.csproj", "{D421C6A5-EE21-48DD-8C93-A94DB6FF8580}"
	ProjectSection(ProjectDependencies) = postProject
		{905E07A9-79F8-9917-3329-DBF09C004390} = {905E07A9-79F8-9917-3329-DBF09C004390}
	EndProjectSection
EndProject
Project("{FAE04EC0-301F-11D3-BF4B-00C04F79EFBC}") = "AltaxoBaseTest", "Altaxo\BaseTest\AltaxoBaseTest.csproj", "{F42D2D4D-2CD8-9F3C-E86C-5DE3136C80FF}"
EndProject
Project("{FAE04EC0-301F-11D3-BF4B-00C04F79EFBC}") = "AltaxoCodeEditing", "Altaxo\CodeEditing\AltaxoCodeEditing.csproj", "{F8564DFC-4789-43BB-A63A-A1B0D39A4A7B}"
EndProject
Project("{FAE04EC0-301F-11D3-BF4B-00C04F79EFBC}") = "AltaxoCore", "Altaxo\Core\AltaxoCore.csproj", "{B096D0AC-8C73-DEA1-A0F6-5F8EB563569F}"
EndProject
Project("{FAE04EC0-301F-11D3-BF4B-00C04F79EFBC}") = "AltaxoCoreTest", "Altaxo\CoreTest\AltaxoCoreTest.csproj", "{B44A0299-08E6-3517-7943-B774F7D16CA8}"
EndProject
Project("{FAE04EC0-301F-11D3-BF4B-00C04F79EFBC}") = "AltaxoDom.Presentation", "Altaxo\Dom.Presentation\AltaxoDom.Presentation.csproj", "{842A42B1-200F-4046-2D6E-5697D82305FC}"
EndProject
Project("{FAE04EC0-301F-11D3-BF4B-00C04F79EFBC}") = "AltaxoDom", "Altaxo\Dom\AltaxoDom.csproj", "{21D21356-061C-950E-E0D1-9611F2795871}"
EndProject
Project("{FAE04EC0-301F-11D3-BF4B-00C04F79EFBC}") = "AltaxoDomTest", "Altaxo\DomTest\AltaxoDomTest.csproj", "{B501B785-1366-A002-A7F3-4B6F61680EF2}"
EndProject
Project("{FAE04EC0-301F-11D3-BF4B-00C04F79EFBC}") = "AltaxoHelpViewer", "Altaxo\HelpViewer\AltaxoHelpViewer.csproj", "{BA2E23A0-A526-03BE-4332-BFAE36AD7B04}"
EndProject
Project("{FAE04EC0-301F-11D3-BF4B-00C04F79EFBC}") = "AltaxoMarkdownEditing", "Altaxo\MarkdownEditing\AltaxoMarkdownEditing.csproj", "{C5AC2D6A-B065-5EA5-3B76-F0F92C38FF6D}"
EndProject
Project("{FAE04EC0-301F-11D3-BF4B-00C04F79EFBC}") = "Providers.MKL", "Altaxo\Providers.MKL\Providers.MKL.csproj", "{905E07A9-79F8-9917-3329-DBF09C004390}"
EndProject
Project("{FAE04EC0-301F-11D3-BF4B-00C04F79EFBC}") = "AltaxoStartup", "Altaxo\Startup\AltaxoStartup.csproj", "{C52B3F8B-D066-1835-B82D-507079083266}"
	ProjectSection(ProjectDependencies) = postProject
		{CC045934-084A-2BF3-0DAD-B535F9A50DDC} = {CC045934-084A-2BF3-0DAD-B535F9A50DDC}
		{494A4C54-68F2-4A26-5EED-F64EB71C21C4} = {494A4C54-68F2-4A26-5EED-F64EB71C21C4}
		{D81B6005-D617-CF7E-58B6-CF0563E93377} = {D81B6005-D617-CF7E-58B6-CF0563E93377}
		{AC48DB5C-DD41-B74B-E1E7-6977CFF0D2A3} = {AC48DB5C-DD41-B74B-E1E7-6977CFF0D2A3}
		{29077D04-7859-9B01-9A4B-D9698982D4F6} = {29077D04-7859-9B01-9A4B-D9698982D4F6}
		{D421C6A5-EE21-48DD-8C93-A94DB6FF8580} = {D421C6A5-EE21-48DD-8C93-A94DB6FF8580}
		{B096D0AC-8C73-DEA1-A0F6-5F8EB563569F} = {B096D0AC-8C73-DEA1-A0F6-5F8EB563569F}
		{842A42B1-200F-4046-2D6E-5697D82305FC} = {842A42B1-200F-4046-2D6E-5697D82305FC}
		{3A0E99CA-59A2-308B-B313-FF926035ED3A} = {3A0E99CA-59A2-308B-B313-FF926035ED3A}
	EndProjectSection
EndProject
Project("{FAE04EC0-301F-11D3-BF4B-00C04F79EFBC}") = "AltaxoStartup32", "Altaxo\Startup32\AltaxoStartup32.csproj", "{04465A1D-DC23-E6FE-8C01-D17C9E3BD92F}"
EndProject
Project("{FAE04EC0-301F-11D3-BF4B-00C04F79EFBC}") = "AltaxoStartup64", "Altaxo\Startup64\AltaxoStartup64.csproj", "{7F399CCF-B835-FF69-B64E-A3A8A5895455}"
EndProject
Project("{FAE04EC0-301F-11D3-BF4B-00C04F79EFBC}") = "Workbench", "Altaxo\Workbench\Workbench.csproj", "{7D2D29C9-9893-02F6-DE36-4063F98F5E27}"
EndProject
Project("{FAE04EC0-301F-11D3-BF4B-00C04F79EFBC}") = "WorkbenchBase", "Altaxo\WorkbenchBase\WorkbenchBase.csproj", "{C49CAA63-E895-B752-2F5C-B887066F9849}"
EndProject
Project("{FAE04EC0-301F-11D3-BF4B-00C04F79EFBC}") = "WorkbenchCore", "Altaxo\WorkbenchCore\WorkbenchCore.csproj", "{071102E2-EC90-080F-09BF-759A41E8F4A4}"
EndProject
Project("{FAE04EC0-301F-11D3-BF4B-00C04F79EFBC}") = "Content", "Content\Content.csproj", "{3A0E99CA-59A2-308B-B313-FF926035ED3A}"
EndProject
Project("{FAE04EC0-301F-11D3-BF4B-00C04F79EFBC}") = "zNumerator", "Libraries\Numerator\zNumerator.csproj", "{EEE15E8F-64F8-FF4A-A3B7-91945934BCD8}"
EndProject
Project("{FAE04EC0-301F-11D3-BF4B-00C04F79EFBC}") = "AutoUpdateDownloader", "Libraries\UpdateDownloader\AutoUpdateDownloader.csproj", "{E560A84A-2B33-AD79-3A05-3BF3D9D259CD}"
EndProject
Project("{FAE04EC0-301F-11D3-BF4B-00C04F79EFBC}") = "AutoUpdateInstaller", "Libraries\UpdateInstaller\AutoUpdateInstaller.csproj", "{C294AD2A-63B9-EE7A-982F-29BB7EF47D98}"
EndProject
Project("{2150E333-8FDC-42A3-9474-1A3956D46DE8}") = "Analyzer", "Analyzer", "{B8F6600B-1BB5-24C4-1C5C-B56170B4FF39}"
EndProject
Project("{FAE04EC0-301F-11D3-BF4B-00C04F79EFBC}") = "NullComparisonAnalyzer", "Analyzer\NullComparisonAnalyzer\NullComparisonAnalyzer.csproj", "{2E02DC9B-8790-00A1-5BB2-C97114545823}"
EndProject
Project("{2150E333-8FDC-42A3-9474-1A3956D46DE8}") = "Libraries", "Libraries", "{F2E35B3E-9711-EDEC-6202-DB40BDEED14A}"
EndProject
Project("{FAE04EC0-301F-11D3-BF4B-00C04F79EFBC}") = "AvalonDock.Themes.Aero", "Libraries\AvalonDock\AvalonDock.Themes.Aero\AvalonDock.Themes.Aero.csproj", "{FE4B2490-DF6E-E9A4-3C31-B8F62B5A5CDA}"
EndProject
Project("{FAE04EC0-301F-11D3-BF4B-00C04F79EFBC}") = "AvalonDock.Themes.Expression", "Libraries\AvalonDock\AvalonDock.Themes.Expression\AvalonDock.Themes.Expression.csproj", "{1D4C415A-7DBE-FD18-1313-D0B8C4805E23}"
EndProject
Project("{FAE04EC0-301F-11D3-BF4B-00C04F79EFBC}") = "AvalonDock.Themes.Metro", "Libraries\AvalonDock\AvalonDock.Themes.Metro\AvalonDock.Themes.Metro.csproj", "{F52048F2-95C4-A07A-AB87-0FC967DFCA27}"
EndProject
Project("{FAE04EC0-301F-11D3-BF4B-00C04F79EFBC}") = "AvalonDock.Themes.VS2010", "Libraries\AvalonDock\AvalonDock.Themes.VS2010\AvalonDock.Themes.VS2010.csproj", "{234A3264-4A05-565D-B0F7-084704AB9DC5}"
EndProject
Project("{FAE04EC0-301F-11D3-BF4B-00C04F79EFBC}") = "AvalonDock.Themes.VS2013", "Libraries\AvalonDock\AvalonDock.Themes.VS2013\AvalonDock.Themes.VS2013.csproj", "{78B52F58-6C87-80E5-2E39-8391D857D15F}"
EndProject
Project("{FAE04EC0-301F-11D3-BF4B-00C04F79EFBC}") = "AvalonDock", "Libraries\AvalonDock\AvalonDock\AvalonDock.csproj", "{3A92A980-2B8A-BEDE-E0AA-EC5BB06F50F7}"
EndProject
Project("{FAE04EC0-301F-11D3-BF4B-00C04F79EFBC}") = "ICSharpCode.AvalonEdit", "Libraries\ICSharpCode.AvalonEdit\ICSharpCode.AvalonEdit.csproj", "{6DAD11CC-D429-31DD-5CC8-4EF94447F394}"
EndProject
Project("{FAE04EC0-301F-11D3-BF4B-00C04F79EFBC}") = "Markdig.Wpf", "Libraries\Markdig.Wpf\Markdig.Wpf.csproj", "{280D20FA-20A2-E41D-E841-ABA00E6E6E88}"
EndProject
Project("{FAE04EC0-301F-11D3-BF4B-00C04F79EFBC}") = "Markdig", "Libraries\Markdig\Markdig.csproj", "{E1288012-ABCD-2D2E-F157-7BD3A15E2A9E}"
EndProject
Project("{FAE04EC0-301F-11D3-BF4B-00C04F79EFBC}") = "System.IO.Compression.Altaxo.Tests", "Libraries\System.IO.Compression.Altaxo.Tests\System.IO.Compression.Altaxo.Tests.csproj", "{72BCB97B-F85C-69F3-ECBD-2534289FFF21}"
EndProject
Project("{FAE04EC0-301F-11D3-BF4B-00C04F79EFBC}") = "System.IO.Compression.Altaxo", "Libraries\System.IO.Compression.Altaxo\System.IO.Compression.Altaxo.csproj", "{1D058D05-F763-7DB8-CA55-445C9E52E11A}"
EndProject
Project("{FAE04EC0-301F-11D3-BF4B-00C04F79EFBC}") = "WpfMath", "Libraries\xaml-math\src\WpfMath\WpfMath.csproj", "{B69915FF-31E1-F343-1FE2-97558B42726E}"
EndProject
Project("{FAE04EC0-301F-11D3-BF4B-00C04F79EFBC}") = "XamlMath.Shared", "Libraries\xaml-math\src\XamlMath.Shared\XamlMath.Shared.csproj", "{B2BB3EC7-341D-C4B9-D2D4-86EB7880A28D}"
EndProject
Project("{2150E333-8FDC-42A3-9474-1A3956D46DE8}") = "Solution Items", "Solution Items", "{089100B1-113F-4E66-888A-E83F3999EAFD}"
	ProjectSection(SolutionItems) = preProject
		.editorconfig = .editorconfig
		Altaxo\AltaxoProject.ico = Altaxo\AltaxoProject.ico
		Content\doc\altaxotodo.xml = Content\doc\altaxotodo.xml
		LayerButtons.bmp = LayerButtons.bmp
		README.md = README.md
	EndProjectSection
EndProject
Global
	GlobalSection(SolutionConfigurationPlatforms) = preSolution
		Debug|Any CPU = Debug|Any CPU
		Release|Any CPU = Release|Any CPU
	EndGlobalSection
	GlobalSection(ProjectConfigurationPlatforms) = postSolution
		{CC045934-084A-2BF3-0DAD-B535F9A50DDC}.Debug|Any CPU.ActiveCfg = Debug|Any CPU
		{CC045934-084A-2BF3-0DAD-B535F9A50DDC}.Debug|Any CPU.Build.0 = Debug|Any CPU
		{CC045934-084A-2BF3-0DAD-B535F9A50DDC}.Release|Any CPU.ActiveCfg = Release|Any CPU
		{CC045934-084A-2BF3-0DAD-B535F9A50DDC}.Release|Any CPU.Build.0 = Release|Any CPU
		{494A4C54-68F2-4A26-5EED-F64EB71C21C4}.Debug|Any CPU.ActiveCfg = Debug|Any CPU
		{494A4C54-68F2-4A26-5EED-F64EB71C21C4}.Debug|Any CPU.Build.0 = Debug|Any CPU
		{494A4C54-68F2-4A26-5EED-F64EB71C21C4}.Release|Any CPU.ActiveCfg = Release|Any CPU
		{494A4C54-68F2-4A26-5EED-F64EB71C21C4}.Release|Any CPU.Build.0 = Release|Any CPU
		{D81B6005-D617-CF7E-58B6-CF0563E93377}.Debug|Any CPU.ActiveCfg = Debug|x64
		{D81B6005-D617-CF7E-58B6-CF0563E93377}.Debug|Any CPU.Build.0 = Debug|x64
		{D81B6005-D617-CF7E-58B6-CF0563E93377}.Release|Any CPU.ActiveCfg = Release|x64
		{D81B6005-D617-CF7E-58B6-CF0563E93377}.Release|Any CPU.Build.0 = Release|x64
		{AC48DB5C-DD41-B74B-E1E7-6977CFF0D2A3}.Debug|Any CPU.ActiveCfg = Debug|Any CPU
		{AC48DB5C-DD41-B74B-E1E7-6977CFF0D2A3}.Debug|Any CPU.Build.0 = Debug|Any CPU
		{AC48DB5C-DD41-B74B-E1E7-6977CFF0D2A3}.Release|Any CPU.ActiveCfg = Release|Any CPU
		{AC48DB5C-DD41-B74B-E1E7-6977CFF0D2A3}.Release|Any CPU.Build.0 = Release|Any CPU
		{F13C9B7E-5D0A-6BC6-D750-373B1D635007}.Debug|Any CPU.ActiveCfg = Debug|Any CPU
		{F13C9B7E-5D0A-6BC6-D750-373B1D635007}.Debug|Any CPU.Build.0 = Debug|Any CPU
		{F13C9B7E-5D0A-6BC6-D750-373B1D635007}.Release|Any CPU.ActiveCfg = Release|Any CPU
		{F13C9B7E-5D0A-6BC6-D750-373B1D635007}.Release|Any CPU.Build.0 = Release|Any CPU
		{29077D04-7859-9B01-9A4B-D9698982D4F6}.Debug|Any CPU.ActiveCfg = Debug|Any CPU
		{29077D04-7859-9B01-9A4B-D9698982D4F6}.Debug|Any CPU.Build.0 = Debug|Any CPU
		{29077D04-7859-9B01-9A4B-D9698982D4F6}.Release|Any CPU.ActiveCfg = Release|Any CPU
		{29077D04-7859-9B01-9A4B-D9698982D4F6}.Release|Any CPU.Build.0 = Release|Any CPU
		{18F7A81B-C0CF-62BC-F7D6-CB94A6E1336B}.Debug|Any CPU.ActiveCfg = Debug|Any CPU
		{18F7A81B-C0CF-62BC-F7D6-CB94A6E1336B}.Debug|Any CPU.Build.0 = Debug|Any CPU
		{18F7A81B-C0CF-62BC-F7D6-CB94A6E1336B}.Release|Any CPU.ActiveCfg = Release|Any CPU
		{18F7A81B-C0CF-62BC-F7D6-CB94A6E1336B}.Release|Any CPU.Build.0 = Release|Any CPU
		{D421C6A5-EE21-48DD-8C93-A94DB6FF8580}.Debug|Any CPU.ActiveCfg = Debug|Any CPU
		{D421C6A5-EE21-48DD-8C93-A94DB6FF8580}.Debug|Any CPU.Build.0 = Debug|Any CPU
		{D421C6A5-EE21-48DD-8C93-A94DB6FF8580}.Release|Any CPU.ActiveCfg = Release|Any CPU
		{D421C6A5-EE21-48DD-8C93-A94DB6FF8580}.Release|Any CPU.Build.0 = Release|Any CPU
		{F42D2D4D-2CD8-9F3C-E86C-5DE3136C80FF}.Debug|Any CPU.ActiveCfg = Debug|Any CPU
		{F42D2D4D-2CD8-9F3C-E86C-5DE3136C80FF}.Debug|Any CPU.Build.0 = Debug|Any CPU
		{F42D2D4D-2CD8-9F3C-E86C-5DE3136C80FF}.Release|Any CPU.ActiveCfg = Release|Any CPU
		{F42D2D4D-2CD8-9F3C-E86C-5DE3136C80FF}.Release|Any CPU.Build.0 = Release|Any CPU
		{F8564DFC-4789-43BB-A63A-A1B0D39A4A7B}.Debug|Any CPU.ActiveCfg = Debug|Any CPU
		{F8564DFC-4789-43BB-A63A-A1B0D39A4A7B}.Debug|Any CPU.Build.0 = Debug|Any CPU
		{F8564DFC-4789-43BB-A63A-A1B0D39A4A7B}.Release|Any CPU.ActiveCfg = Release|Any CPU
		{F8564DFC-4789-43BB-A63A-A1B0D39A4A7B}.Release|Any CPU.Build.0 = Release|Any CPU
		{B096D0AC-8C73-DEA1-A0F6-5F8EB563569F}.Debug|Any CPU.ActiveCfg = Debug|Any CPU
		{B096D0AC-8C73-DEA1-A0F6-5F8EB563569F}.Debug|Any CPU.Build.0 = Debug|Any CPU
		{B096D0AC-8C73-DEA1-A0F6-5F8EB563569F}.Release|Any CPU.ActiveCfg = Release|Any CPU
		{B096D0AC-8C73-DEA1-A0F6-5F8EB563569F}.Release|Any CPU.Build.0 = Release|Any CPU
		{B44A0299-08E6-3517-7943-B774F7D16CA8}.Debug|Any CPU.ActiveCfg = Debug|Any CPU
		{B44A0299-08E6-3517-7943-B774F7D16CA8}.Debug|Any CPU.Build.0 = Debug|Any CPU
		{B44A0299-08E6-3517-7943-B774F7D16CA8}.Release|Any CPU.ActiveCfg = Release|Any CPU
		{B44A0299-08E6-3517-7943-B774F7D16CA8}.Release|Any CPU.Build.0 = Release|Any CPU
		{842A42B1-200F-4046-2D6E-5697D82305FC}.Debug|Any CPU.ActiveCfg = Debug|Any CPU
		{842A42B1-200F-4046-2D6E-5697D82305FC}.Debug|Any CPU.Build.0 = Debug|Any CPU
		{842A42B1-200F-4046-2D6E-5697D82305FC}.Release|Any CPU.ActiveCfg = Release|Any CPU
		{842A42B1-200F-4046-2D6E-5697D82305FC}.Release|Any CPU.Build.0 = Release|Any CPU
		{21D21356-061C-950E-E0D1-9611F2795871}.Debug|Any CPU.ActiveCfg = Debug|Any CPU
		{21D21356-061C-950E-E0D1-9611F2795871}.Debug|Any CPU.Build.0 = Debug|Any CPU
		{21D21356-061C-950E-E0D1-9611F2795871}.Release|Any CPU.ActiveCfg = Release|Any CPU
		{21D21356-061C-950E-E0D1-9611F2795871}.Release|Any CPU.Build.0 = Release|Any CPU
		{B501B785-1366-A002-A7F3-4B6F61680EF2}.Debug|Any CPU.ActiveCfg = Debug|Any CPU
		{B501B785-1366-A002-A7F3-4B6F61680EF2}.Debug|Any CPU.Build.0 = Debug|Any CPU
		{B501B785-1366-A002-A7F3-4B6F61680EF2}.Release|Any CPU.ActiveCfg = Release|Any CPU
		{B501B785-1366-A002-A7F3-4B6F61680EF2}.Release|Any CPU.Build.0 = Release|Any CPU
		{BA2E23A0-A526-03BE-4332-BFAE36AD7B04}.Debug|Any CPU.ActiveCfg = Debug|Any CPU
		{BA2E23A0-A526-03BE-4332-BFAE36AD7B04}.Debug|Any CPU.Build.0 = Debug|Any CPU
		{BA2E23A0-A526-03BE-4332-BFAE36AD7B04}.Release|Any CPU.ActiveCfg = Release|Any CPU
		{BA2E23A0-A526-03BE-4332-BFAE36AD7B04}.Release|Any CPU.Build.0 = Release|Any CPU
		{C5AC2D6A-B065-5EA5-3B76-F0F92C38FF6D}.Debug|Any CPU.ActiveCfg = Debug|Any CPU
		{C5AC2D6A-B065-5EA5-3B76-F0F92C38FF6D}.Debug|Any CPU.Build.0 = Debug|Any CPU
		{C5AC2D6A-B065-5EA5-3B76-F0F92C38FF6D}.Release|Any CPU.ActiveCfg = Release|Any CPU
		{C5AC2D6A-B065-5EA5-3B76-F0F92C38FF6D}.Release|Any CPU.Build.0 = Release|Any CPU
		{905E07A9-79F8-9917-3329-DBF09C004390}.Debug|Any CPU.ActiveCfg = Debug|Any CPU
		{905E07A9-79F8-9917-3329-DBF09C004390}.Debug|Any CPU.Build.0 = Debug|Any CPU
		{905E07A9-79F8-9917-3329-DBF09C004390}.Release|Any CPU.ActiveCfg = Release|Any CPU
		{905E07A9-79F8-9917-3329-DBF09C004390}.Release|Any CPU.Build.0 = Release|Any CPU
		{C52B3F8B-D066-1835-B82D-507079083266}.Debug|Any CPU.ActiveCfg = Debug|Any CPU
		{C52B3F8B-D066-1835-B82D-507079083266}.Debug|Any CPU.Build.0 = Debug|Any CPU
		{C52B3F8B-D066-1835-B82D-507079083266}.Release|Any CPU.ActiveCfg = Release|Any CPU
		{C52B3F8B-D066-1835-B82D-507079083266}.Release|Any CPU.Build.0 = Release|Any CPU
		{04465A1D-DC23-E6FE-8C01-D17C9E3BD92F}.Debug|Any CPU.ActiveCfg = Debug|x86
		{04465A1D-DC23-E6FE-8C01-D17C9E3BD92F}.Debug|Any CPU.Build.0 = Debug|x86
		{04465A1D-DC23-E6FE-8C01-D17C9E3BD92F}.Release|Any CPU.ActiveCfg = Release|x86
		{04465A1D-DC23-E6FE-8C01-D17C9E3BD92F}.Release|Any CPU.Build.0 = Release|x86
		{7F399CCF-B835-FF69-B64E-A3A8A5895455}.Debug|Any CPU.ActiveCfg = Debug|Any CPU
		{7F399CCF-B835-FF69-B64E-A3A8A5895455}.Debug|Any CPU.Build.0 = Debug|Any CPU
		{7F399CCF-B835-FF69-B64E-A3A8A5895455}.Release|Any CPU.ActiveCfg = Release|Any CPU
		{7F399CCF-B835-FF69-B64E-A3A8A5895455}.Release|Any CPU.Build.0 = Release|Any CPU
		{7D2D29C9-9893-02F6-DE36-4063F98F5E27}.Debug|Any CPU.ActiveCfg = Debug|Any CPU
		{7D2D29C9-9893-02F6-DE36-4063F98F5E27}.Debug|Any CPU.Build.0 = Debug|Any CPU
		{7D2D29C9-9893-02F6-DE36-4063F98F5E27}.Release|Any CPU.ActiveCfg = Release|Any CPU
		{7D2D29C9-9893-02F6-DE36-4063F98F5E27}.Release|Any CPU.Build.0 = Release|Any CPU
		{C49CAA63-E895-B752-2F5C-B887066F9849}.Debug|Any CPU.ActiveCfg = Debug|Any CPU
		{C49CAA63-E895-B752-2F5C-B887066F9849}.Debug|Any CPU.Build.0 = Debug|Any CPU
		{C49CAA63-E895-B752-2F5C-B887066F9849}.Release|Any CPU.ActiveCfg = Release|Any CPU
		{C49CAA63-E895-B752-2F5C-B887066F9849}.Release|Any CPU.Build.0 = Release|Any CPU
		{071102E2-EC90-080F-09BF-759A41E8F4A4}.Debug|Any CPU.ActiveCfg = Debug|Any CPU
		{071102E2-EC90-080F-09BF-759A41E8F4A4}.Debug|Any CPU.Build.0 = Debug|Any CPU
		{071102E2-EC90-080F-09BF-759A41E8F4A4}.Release|Any CPU.ActiveCfg = Release|Any CPU
		{071102E2-EC90-080F-09BF-759A41E8F4A4}.Release|Any CPU.Build.0 = Release|Any CPU
		{3A0E99CA-59A2-308B-B313-FF926035ED3A}.Debug|Any CPU.ActiveCfg = Debug|Any CPU
		{3A0E99CA-59A2-308B-B313-FF926035ED3A}.Debug|Any CPU.Build.0 = Debug|Any CPU
		{3A0E99CA-59A2-308B-B313-FF926035ED3A}.Release|Any CPU.ActiveCfg = Release|Any CPU
		{3A0E99CA-59A2-308B-B313-FF926035ED3A}.Release|Any CPU.Build.0 = Release|Any CPU
		{EEE15E8F-64F8-FF4A-A3B7-91945934BCD8}.Debug|Any CPU.ActiveCfg = Debug|Any CPU
		{EEE15E8F-64F8-FF4A-A3B7-91945934BCD8}.Debug|Any CPU.Build.0 = Debug|Any CPU
		{EEE15E8F-64F8-FF4A-A3B7-91945934BCD8}.Release|Any CPU.ActiveCfg = Release|Any CPU
		{EEE15E8F-64F8-FF4A-A3B7-91945934BCD8}.Release|Any CPU.Build.0 = Release|Any CPU
		{E560A84A-2B33-AD79-3A05-3BF3D9D259CD}.Debug|Any CPU.ActiveCfg = Debug|Any CPU
		{E560A84A-2B33-AD79-3A05-3BF3D9D259CD}.Debug|Any CPU.Build.0 = Debug|Any CPU
		{E560A84A-2B33-AD79-3A05-3BF3D9D259CD}.Release|Any CPU.ActiveCfg = Release|Any CPU
		{E560A84A-2B33-AD79-3A05-3BF3D9D259CD}.Release|Any CPU.Build.0 = Release|Any CPU
		{C294AD2A-63B9-EE7A-982F-29BB7EF47D98}.Debug|Any CPU.ActiveCfg = Debug|Any CPU
		{C294AD2A-63B9-EE7A-982F-29BB7EF47D98}.Debug|Any CPU.Build.0 = Debug|Any CPU
		{C294AD2A-63B9-EE7A-982F-29BB7EF47D98}.Release|Any CPU.ActiveCfg = Release|Any CPU
		{C294AD2A-63B9-EE7A-982F-29BB7EF47D98}.Release|Any CPU.Build.0 = Release|Any CPU
		{2E02DC9B-8790-00A1-5BB2-C97114545823}.Debug|Any CPU.ActiveCfg = Debug|Any CPU
		{2E02DC9B-8790-00A1-5BB2-C97114545823}.Debug|Any CPU.Build.0 = Debug|Any CPU
		{2E02DC9B-8790-00A1-5BB2-C97114545823}.Release|Any CPU.ActiveCfg = Release|Any CPU
		{2E02DC9B-8790-00A1-5BB2-C97114545823}.Release|Any CPU.Build.0 = Release|Any CPU
		{FE4B2490-DF6E-E9A4-3C31-B8F62B5A5CDA}.Debug|Any CPU.ActiveCfg = Debug|Any CPU
		{FE4B2490-DF6E-E9A4-3C31-B8F62B5A5CDA}.Debug|Any CPU.Build.0 = Debug|Any CPU
		{FE4B2490-DF6E-E9A4-3C31-B8F62B5A5CDA}.Release|Any CPU.ActiveCfg = Release|Any CPU
		{FE4B2490-DF6E-E9A4-3C31-B8F62B5A5CDA}.Release|Any CPU.Build.0 = Release|Any CPU
		{1D4C415A-7DBE-FD18-1313-D0B8C4805E23}.Debug|Any CPU.ActiveCfg = Debug|Any CPU
		{1D4C415A-7DBE-FD18-1313-D0B8C4805E23}.Debug|Any CPU.Build.0 = Debug|Any CPU
		{1D4C415A-7DBE-FD18-1313-D0B8C4805E23}.Release|Any CPU.ActiveCfg = Release|Any CPU
		{1D4C415A-7DBE-FD18-1313-D0B8C4805E23}.Release|Any CPU.Build.0 = Release|Any CPU
		{F52048F2-95C4-A07A-AB87-0FC967DFCA27}.Debug|Any CPU.ActiveCfg = Debug|Any CPU
		{F52048F2-95C4-A07A-AB87-0FC967DFCA27}.Debug|Any CPU.Build.0 = Debug|Any CPU
		{F52048F2-95C4-A07A-AB87-0FC967DFCA27}.Release|Any CPU.ActiveCfg = Release|Any CPU
		{F52048F2-95C4-A07A-AB87-0FC967DFCA27}.Release|Any CPU.Build.0 = Release|Any CPU
		{234A3264-4A05-565D-B0F7-084704AB9DC5}.Debug|Any CPU.ActiveCfg = Debug|Any CPU
		{234A3264-4A05-565D-B0F7-084704AB9DC5}.Debug|Any CPU.Build.0 = Debug|Any CPU
		{234A3264-4A05-565D-B0F7-084704AB9DC5}.Release|Any CPU.ActiveCfg = Release|Any CPU
		{234A3264-4A05-565D-B0F7-084704AB9DC5}.Release|Any CPU.Build.0 = Release|Any CPU
		{78B52F58-6C87-80E5-2E39-8391D857D15F}.Debug|Any CPU.ActiveCfg = Debug|Any CPU
		{78B52F58-6C87-80E5-2E39-8391D857D15F}.Debug|Any CPU.Build.0 = Debug|Any CPU
		{78B52F58-6C87-80E5-2E39-8391D857D15F}.Release|Any CPU.ActiveCfg = Release|Any CPU
		{78B52F58-6C87-80E5-2E39-8391D857D15F}.Release|Any CPU.Build.0 = Release|Any CPU
		{3A92A980-2B8A-BEDE-E0AA-EC5BB06F50F7}.Debug|Any CPU.ActiveCfg = Debug|Any CPU
		{3A92A980-2B8A-BEDE-E0AA-EC5BB06F50F7}.Debug|Any CPU.Build.0 = Debug|Any CPU
		{3A92A980-2B8A-BEDE-E0AA-EC5BB06F50F7}.Release|Any CPU.ActiveCfg = Release|Any CPU
		{3A92A980-2B8A-BEDE-E0AA-EC5BB06F50F7}.Release|Any CPU.Build.0 = Release|Any CPU
		{6DAD11CC-D429-31DD-5CC8-4EF94447F394}.Debug|Any CPU.ActiveCfg = Debug|Any CPU
		{6DAD11CC-D429-31DD-5CC8-4EF94447F394}.Debug|Any CPU.Build.0 = Debug|Any CPU
		{6DAD11CC-D429-31DD-5CC8-4EF94447F394}.Release|Any CPU.ActiveCfg = Release|Any CPU
		{6DAD11CC-D429-31DD-5CC8-4EF94447F394}.Release|Any CPU.Build.0 = Release|Any CPU
		{280D20FA-20A2-E41D-E841-ABA00E6E6E88}.Debug|Any CPU.ActiveCfg = Debug|Any CPU
		{280D20FA-20A2-E41D-E841-ABA00E6E6E88}.Debug|Any CPU.Build.0 = Debug|Any CPU
		{280D20FA-20A2-E41D-E841-ABA00E6E6E88}.Release|Any CPU.ActiveCfg = Release|Any CPU
		{280D20FA-20A2-E41D-E841-ABA00E6E6E88}.Release|Any CPU.Build.0 = Release|Any CPU
		{E1288012-ABCD-2D2E-F157-7BD3A15E2A9E}.Debug|Any CPU.ActiveCfg = Debug|Any CPU
		{E1288012-ABCD-2D2E-F157-7BD3A15E2A9E}.Debug|Any CPU.Build.0 = Debug|Any CPU
		{E1288012-ABCD-2D2E-F157-7BD3A15E2A9E}.Release|Any CPU.ActiveCfg = Release|Any CPU
		{E1288012-ABCD-2D2E-F157-7BD3A15E2A9E}.Release|Any CPU.Build.0 = Release|Any CPU
		{72BCB97B-F85C-69F3-ECBD-2534289FFF21}.Debug|Any CPU.ActiveCfg = Debug|Any CPU
		{72BCB97B-F85C-69F3-ECBD-2534289FFF21}.Debug|Any CPU.Build.0 = Debug|Any CPU
		{72BCB97B-F85C-69F3-ECBD-2534289FFF21}.Release|Any CPU.ActiveCfg = Release|Any CPU
		{72BCB97B-F85C-69F3-ECBD-2534289FFF21}.Release|Any CPU.Build.0 = Release|Any CPU
		{1D058D05-F763-7DB8-CA55-445C9E52E11A}.Debug|Any CPU.ActiveCfg = Debug|Any CPU
		{1D058D05-F763-7DB8-CA55-445C9E52E11A}.Debug|Any CPU.Build.0 = Debug|Any CPU
		{1D058D05-F763-7DB8-CA55-445C9E52E11A}.Release|Any CPU.ActiveCfg = Release|Any CPU
		{1D058D05-F763-7DB8-CA55-445C9E52E11A}.Release|Any CPU.Build.0 = Release|Any CPU
		{B69915FF-31E1-F343-1FE2-97558B42726E}.Debug|Any CPU.ActiveCfg = Debug|Any CPU
		{B69915FF-31E1-F343-1FE2-97558B42726E}.Debug|Any CPU.Build.0 = Debug|Any CPU
		{B69915FF-31E1-F343-1FE2-97558B42726E}.Release|Any CPU.ActiveCfg = Release|Any CPU
		{B69915FF-31E1-F343-1FE2-97558B42726E}.Release|Any CPU.Build.0 = Release|Any CPU
		{B2BB3EC7-341D-C4B9-D2D4-86EB7880A28D}.Debug|Any CPU.ActiveCfg = Debug|Any CPU
		{B2BB3EC7-341D-C4B9-D2D4-86EB7880A28D}.Debug|Any CPU.Build.0 = Debug|Any CPU
		{B2BB3EC7-341D-C4B9-D2D4-86EB7880A28D}.Release|Any CPU.ActiveCfg = Release|Any CPU
		{B2BB3EC7-341D-C4B9-D2D4-86EB7880A28D}.Release|Any CPU.Build.0 = Release|Any CPU
	EndGlobalSection
	GlobalSection(SolutionProperties) = preSolution
		HideSolutionNode = FALSE
	EndGlobalSection
	GlobalSection(NestedProjects) = preSolution
		{2E02DC9B-8790-00A1-5BB2-C97114545823} = {B8F6600B-1BB5-24C4-1C5C-B56170B4FF39}
		{FE4B2490-DF6E-E9A4-3C31-B8F62B5A5CDA} = {F2E35B3E-9711-EDEC-6202-DB40BDEED14A}
		{1D4C415A-7DBE-FD18-1313-D0B8C4805E23} = {F2E35B3E-9711-EDEC-6202-DB40BDEED14A}
		{F52048F2-95C4-A07A-AB87-0FC967DFCA27} = {F2E35B3E-9711-EDEC-6202-DB40BDEED14A}
		{234A3264-4A05-565D-B0F7-084704AB9DC5} = {F2E35B3E-9711-EDEC-6202-DB40BDEED14A}
		{78B52F58-6C87-80E5-2E39-8391D857D15F} = {F2E35B3E-9711-EDEC-6202-DB40BDEED14A}
		{3A92A980-2B8A-BEDE-E0AA-EC5BB06F50F7} = {F2E35B3E-9711-EDEC-6202-DB40BDEED14A}
		{6DAD11CC-D429-31DD-5CC8-4EF94447F394} = {F2E35B3E-9711-EDEC-6202-DB40BDEED14A}
		{280D20FA-20A2-E41D-E841-ABA00E6E6E88} = {F2E35B3E-9711-EDEC-6202-DB40BDEED14A}
		{E1288012-ABCD-2D2E-F157-7BD3A15E2A9E} = {F2E35B3E-9711-EDEC-6202-DB40BDEED14A}
		{72BCB97B-F85C-69F3-ECBD-2534289FFF21} = {F2E35B3E-9711-EDEC-6202-DB40BDEED14A}
		{1D058D05-F763-7DB8-CA55-445C9E52E11A} = {F2E35B3E-9711-EDEC-6202-DB40BDEED14A}
		{B69915FF-31E1-F343-1FE2-97558B42726E} = {F2E35B3E-9711-EDEC-6202-DB40BDEED14A}
		{B2BB3EC7-341D-C4B9-D2D4-86EB7880A28D} = {F2E35B3E-9711-EDEC-6202-DB40BDEED14A}
	EndGlobalSection
EndGlobal
