Microsoft Visual Studio Solution File, Format Version 8.00
Project("{FAE04EC0-301F-11D3-BF4B-00C04F79EFBC}") = "AltaxoBase", "Altaxo\Base\AltaxoBase.csproj", "{CA928A5C-9673-4FBB-A60E-F91364CC9DB5}"
	ProjectSection(ProjectDependencies) = postProject
		{A1006FEB-2FFC-4507-8D82-265130CDD08E} = {A1006FEB-2FFC-4507-8D82-265130CDD08E}
	EndProjectSection
EndProject
Project("{FAE04EC0-301F-11D3-BF4B-00C04F79EFBC}") = "Test", "Altaxo\Test\Test.csproj", "{95A2BF58-8568-4512-BD82-F0240FFC7558}"
	ProjectSection(ProjectDependencies) = postProject
	EndProjectSection
EndProject
Project("{54435603-DBB4-11D2-8724-00A0C9A8B90C}") = "Setup", "Altaxo\Setup\Setup.vdproj", "{7C0AE96C-6D0A-423E-8E4A-62120F6B8061}"
	ProjectSection(ProjectDependencies) = postProject
	EndProjectSection
EndProject
Project("{FAE04EC0-301F-11D3-BF4B-00C04F79EFBC}") = "zICSharpCode.Core", "Libraries\ICSharpCode.Core\zICSharpCode.Core.csproj", "{A1006FEB-2FFC-4507-8D82-265130CDD08E}"
	ProjectSection(ProjectDependencies) = postProject
	EndProjectSection
EndProject
Project("{FAE04EC0-301F-11D3-BF4B-00C04F79EFBC}") = "zSharpDevelop.Base", "Libraries\SharpDevelop.Base\zSharpDevelop.Base.csproj", "{AF2C9C35-FC89-4648-9D13-26538C00AFE1}"
	ProjectSection(ProjectDependencies) = postProject
	EndProjectSection
EndProject
Project("{FAE04EC0-301F-11D3-BF4B-00C04F79EFBC}") = "zCommandBar", "Libraries\CommandBar\zCommandBar.csproj", "{397ADB5E-E608-4304-A3F7-F97E62B33932}"
	ProjectSection(ProjectDependencies) = postProject
	EndProjectSection
EndProject
Project("{FAE04EC0-301F-11D3-BF4B-00C04F79EFBC}") = "zMagicLibrary", "Libraries\MagicLibrary\src\zMagicLibrary.csproj", "{993E6ED0-F820-4264-9989-B6341C179CB4}"
	ProjectSection(ProjectDependencies) = postProject
	EndProjectSection
EndProject
Project("{FAE04EC0-301F-11D3-BF4B-00C04F79EFBC}") = "Startup", "Altaxo\Startup\Startup.csproj", "{63420446-3D85-4D00-BA9E-9EA7680B87E0}"
	ProjectSection(ProjectDependencies) = postProject
		{012F4935-9036-4F02-8C03-060EC9514A1D} = {012F4935-9036-4F02-8C03-060EC9514A1D}
		{CA928A5C-9673-4FBB-A60E-F91364CC9DB5} = {CA928A5C-9673-4FBB-A60E-F91364CC9DB5}
		{9EBAB076-12F4-4549-9FD5-6D2B8B387B06} = {9EBAB076-12F4-4549-9FD5-6D2B8B387B06}
		{7045C197-9DA8-4FA4-886C-992ACADD838F} = {7045C197-9DA8-4FA4-886C-992ACADD838F}
	EndProjectSection
EndProject
Project("{FAE04EC0-301F-11D3-BF4B-00C04F79EFBC}") = "zICSharpCode.TextEditor", "Libraries\ICSharpCode.TextEditor\src\zICSharpCode.TextEditor.csproj", "{BDA1E0BB-C18F-41B0-86C7-A4CEF4B60894}"
	ProjectSection(ProjectDependencies) = postProject
	EndProjectSection
EndProject
Project("{FAE04EC0-301F-11D3-BF4B-00C04F79EFBC}") = "zSharpDevelop.DefaultTexteditor", "Libraries\SharpDevelop.DefaultTexteditor\zSharpDevelop.DefaultTexteditor.csproj", "{953B27D5-7B33-49F5-B649-54396C09B361}"
	ProjectSection(ProjectDependencies) = postProject
	EndProjectSection
EndProject
Project("{FAE04EC0-301F-11D3-BF4B-00C04F79EFBC}") = "zCSharpBinding", "Libraries\CSharpBinding\zCSharpBinding.csproj", "{2AECC87C-9EB2-4A95-8997-A8ECFD8A707F}"
	ProjectSection(ProjectDependencies) = postProject
	EndProjectSection
EndProject
Project("{FAE04EC0-301F-11D3-BF4B-00C04F79EFBC}") = "Content", "Content\Content.csproj", "{012F4935-9036-4F02-8C03-060EC9514A1D}"
	ProjectSection(ProjectDependencies) = postProject
	EndProjectSection
EndProject
Project("{FAE04EC0-301F-11D3-BF4B-00C04F79EFBC}") = "AltaxoCore", "Altaxo\Core\AltaxoCore.csproj", "{7045C197-9DA8-4FA4-886C-992ACADD838F}"
	ProjectSection(ProjectDependencies) = postProject
	EndProjectSection
EndProject
Project("{FAE04EC0-301F-11D3-BF4B-00C04F79EFBC}") = "AltaxoSDGui", "Altaxo\SDGui\AltaxoSDGui.csproj", "{9EBAB076-12F4-4549-9FD5-6D2B8B387B06}"
	ProjectSection(ProjectDependencies) = postProject
	EndProjectSection
EndProject
Project("{FAE04EC0-301F-11D3-BF4B-00C04F79EFBC}") = "zICSharpCode.XmlForms", "Libraries\ICSharpCode.XmlForms\zICSharpCode.XmlForms.csproj", "{10C6C0B9-4EE3-416A-9D09-E1F34EF1DCEE}"
	ProjectSection(ProjectDependencies) = postProject
	EndProjectSection
EndProject
Project("{FAE04EC0-301F-11D3-BF4B-00C04F79EFBC}") = "zICSharpCode.SharpZipLib", "Libraries\SharpZipLib\src\ICSharpCode.SharpZipLib\zICSharpCode.SharpZipLib.csproj", "{62C31D94-812C-430E-AB9B-7DCF84D93BAE}"
	ProjectSection(ProjectDependencies) = postProject
	EndProjectSection
EndProject
Project("{FAE04EC0-301F-11D3-BF4B-00C04F79EFBC}") = "zICSharpCode.SharpRefactory", "Libraries\SharpRefactory\src\zICSharpCode.SharpRefactory.csproj", "{CFB678A9-510C-4951-9023-541314265BA6}"
	ProjectSection(ProjectDependencies) = postProject
	EndProjectSection
EndProject
Project("{FAE04EC0-301F-11D3-BF4B-00C04F79EFBC}") = "zICSharpCode.SharpAssembly", "Libraries\SharpAssembly\src\SharpAssembly\zICSharpCode.SharpAssembly.csproj", "{C25BDC77-6277-4488-ADEF-2A16C60E2595}"
	ProjectSection(ProjectDependencies) = postProject
	EndProjectSection
EndProject
Global
	GlobalSection(SolutionConfiguration) = preSolution
		Debug = Debug
		DesignTimeDebugging = DesignTimeDebugging
		Release = Release
	EndGlobalSection
	GlobalSection(ProjectConfiguration) = postSolution
		{CA928A5C-9673-4FBB-A60E-F91364CC9DB5}.Debug.ActiveCfg = Debug|.NET
		{CA928A5C-9673-4FBB-A60E-F91364CC9DB5}.Debug.Build.0 = Debug|.NET
		{CA928A5C-9673-4FBB-A60E-F91364CC9DB5}.DesignTimeDebugging.ActiveCfg = DesignTimeDebugging|.NET
		{CA928A5C-9673-4FBB-A60E-F91364CC9DB5}.DesignTimeDebugging.Build.0 = DesignTimeDebugging|.NET
		{CA928A5C-9673-4FBB-A60E-F91364CC9DB5}.Release.ActiveCfg = Release|.NET
		{CA928A5C-9673-4FBB-A60E-F91364CC9DB5}.Release.Build.0 = Release|.NET
		{95A2BF58-8568-4512-BD82-F0240FFC7558}.Debug.ActiveCfg = Debug|.NET
		{95A2BF58-8568-4512-BD82-F0240FFC7558}.Debug.Build.0 = Debug|.NET
		{95A2BF58-8568-4512-BD82-F0240FFC7558}.DesignTimeDebugging.ActiveCfg = Debug|.NET
		{95A2BF58-8568-4512-BD82-F0240FFC7558}.DesignTimeDebugging.Build.0 = Debug|.NET
		{95A2BF58-8568-4512-BD82-F0240FFC7558}.Release.ActiveCfg = Release|.NET
		{95A2BF58-8568-4512-BD82-F0240FFC7558}.Release.Build.0 = Release|.NET
		{7C0AE96C-6D0A-423E-8E4A-62120F6B8061}.Debug.ActiveCfg = Debug
		{7C0AE96C-6D0A-423E-8E4A-62120F6B8061}.DesignTimeDebugging.ActiveCfg = Debug
		{7C0AE96C-6D0A-423E-8E4A-62120F6B8061}.DesignTimeDebugging.Build.0 = Debug
		{7C0AE96C-6D0A-423E-8E4A-62120F6B8061}.Release.ActiveCfg = Release
		{A1006FEB-2FFC-4507-8D82-265130CDD08E}.Debug.ActiveCfg = Debug|.NET
		{A1006FEB-2FFC-4507-8D82-265130CDD08E}.Debug.Build.0 = Debug|.NET
		{A1006FEB-2FFC-4507-8D82-265130CDD08E}.DesignTimeDebugging.ActiveCfg = Debug|.NET
		{A1006FEB-2FFC-4507-8D82-265130CDD08E}.DesignTimeDebugging.Build.0 = Debug|.NET
		{A1006FEB-2FFC-4507-8D82-265130CDD08E}.Release.ActiveCfg = Release|.NET
		{A1006FEB-2FFC-4507-8D82-265130CDD08E}.Release.Build.0 = Release|.NET
		{AF2C9C35-FC89-4648-9D13-26538C00AFE1}.Debug.ActiveCfg = Debug|.NET
		{AF2C9C35-FC89-4648-9D13-26538C00AFE1}.Debug.Build.0 = Debug|.NET
		{AF2C9C35-FC89-4648-9D13-26538C00AFE1}.DesignTimeDebugging.ActiveCfg = Debug|.NET
		{AF2C9C35-FC89-4648-9D13-26538C00AFE1}.DesignTimeDebugging.Build.0 = Debug|.NET
		{AF2C9C35-FC89-4648-9D13-26538C00AFE1}.Release.ActiveCfg = Release|.NET
		{AF2C9C35-FC89-4648-9D13-26538C00AFE1}.Release.Build.0 = Release|.NET
		{397ADB5E-E608-4304-A3F7-F97E62B33932}.Debug.ActiveCfg = Debug|.NET
		{397ADB5E-E608-4304-A3F7-F97E62B33932}.Debug.Build.0 = Debug|.NET
		{397ADB5E-E608-4304-A3F7-F97E62B33932}.DesignTimeDebugging.ActiveCfg = Debug|.NET
		{397ADB5E-E608-4304-A3F7-F97E62B33932}.DesignTimeDebugging.Build.0 = Debug|.NET
		{397ADB5E-E608-4304-A3F7-F97E62B33932}.Release.ActiveCfg = Release|.NET
		{397ADB5E-E608-4304-A3F7-F97E62B33932}.Release.Build.0 = Release|.NET
		{993E6ED0-F820-4264-9989-B6341C179CB4}.Debug.ActiveCfg = Debug|.NET
		{993E6ED0-F820-4264-9989-B6341C179CB4}.Debug.Build.0 = Debug|.NET
		{993E6ED0-F820-4264-9989-B6341C179CB4}.DesignTimeDebugging.ActiveCfg = Debug|.NET
		{993E6ED0-F820-4264-9989-B6341C179CB4}.DesignTimeDebugging.Build.0 = Debug|.NET
		{993E6ED0-F820-4264-9989-B6341C179CB4}.Release.ActiveCfg = Release|.NET
		{993E6ED0-F820-4264-9989-B6341C179CB4}.Release.Build.0 = Release|.NET
		{63420446-3D85-4D00-BA9E-9EA7680B87E0}.Debug.ActiveCfg = Debug|.NET
		{63420446-3D85-4D00-BA9E-9EA7680B87E0}.Debug.Build.0 = Debug|.NET
		{63420446-3D85-4D00-BA9E-9EA7680B87E0}.DesignTimeDebugging.ActiveCfg = Debug|.NET
		{63420446-3D85-4D00-BA9E-9EA7680B87E0}.DesignTimeDebugging.Build.0 = Debug|.NET
		{63420446-3D85-4D00-BA9E-9EA7680B87E0}.Release.ActiveCfg = Release|.NET
		{63420446-3D85-4D00-BA9E-9EA7680B87E0}.Release.Build.0 = Release|.NET
		{BDA1E0BB-C18F-41B0-86C7-A4CEF4B60894}.Debug.ActiveCfg = Debug|.NET
		{BDA1E0BB-C18F-41B0-86C7-A4CEF4B60894}.Debug.Build.0 = Debug|.NET
		{BDA1E0BB-C18F-41B0-86C7-A4CEF4B60894}.DesignTimeDebugging.ActiveCfg = Debug|.NET
		{BDA1E0BB-C18F-41B0-86C7-A4CEF4B60894}.DesignTimeDebugging.Build.0 = Debug|.NET
		{BDA1E0BB-C18F-41B0-86C7-A4CEF4B60894}.Release.ActiveCfg = Release|.NET
		{BDA1E0BB-C18F-41B0-86C7-A4CEF4B60894}.Release.Build.0 = Release|.NET
		{953B27D5-7B33-49F5-B649-54396C09B361}.Debug.ActiveCfg = Debug|.NET
		{953B27D5-7B33-49F5-B649-54396C09B361}.Debug.Build.0 = Debug|.NET
		{953B27D5-7B33-49F5-B649-54396C09B361}.DesignTimeDebugging.ActiveCfg = Debug|.NET
		{953B27D5-7B33-49F5-B649-54396C09B361}.DesignTimeDebugging.Build.0 = Debug|.NET
		{953B27D5-7B33-49F5-B649-54396C09B361}.Release.ActiveCfg = Release|.NET
		{953B27D5-7B33-49F5-B649-54396C09B361}.Release.Build.0 = Release|.NET
		{2AECC87C-9EB2-4A95-8997-A8ECFD8A707F}.Debug.ActiveCfg = Debug|.NET
		{2AECC87C-9EB2-4A95-8997-A8ECFD8A707F}.Debug.Build.0 = Debug|.NET
		{2AECC87C-9EB2-4A95-8997-A8ECFD8A707F}.DesignTimeDebugging.ActiveCfg = Debug|.NET
		{2AECC87C-9EB2-4A95-8997-A8ECFD8A707F}.DesignTimeDebugging.Build.0 = Debug|.NET
		{2AECC87C-9EB2-4A95-8997-A8ECFD8A707F}.Release.ActiveCfg = Release|.NET
		{2AECC87C-9EB2-4A95-8997-A8ECFD8A707F}.Release.Build.0 = Release|.NET
		{012F4935-9036-4F02-8C03-060EC9514A1D}.Debug.ActiveCfg = Debug|.NET
		{012F4935-9036-4F02-8C03-060EC9514A1D}.Debug.Build.0 = Debug|.NET
		{012F4935-9036-4F02-8C03-060EC9514A1D}.DesignTimeDebugging.ActiveCfg = Debug|.NET
		{012F4935-9036-4F02-8C03-060EC9514A1D}.DesignTimeDebugging.Build.0 = Debug|.NET
		{012F4935-9036-4F02-8C03-060EC9514A1D}.Release.ActiveCfg = Release|.NET
		{012F4935-9036-4F02-8C03-060EC9514A1D}.Release.Build.0 = Release|.NET
		{7045C197-9DA8-4FA4-886C-992ACADD838F}.Debug.ActiveCfg = Debug|.NET
		{7045C197-9DA8-4FA4-886C-992ACADD838F}.Debug.Build.0 = Debug|.NET
		{7045C197-9DA8-4FA4-886C-992ACADD838F}.DesignTimeDebugging.ActiveCfg = Debug|.NET
		{7045C197-9DA8-4FA4-886C-992ACADD838F}.DesignTimeDebugging.Build.0 = Debug|.NET
		{7045C197-9DA8-4FA4-886C-992ACADD838F}.Release.ActiveCfg = Release|.NET
		{7045C197-9DA8-4FA4-886C-992ACADD838F}.Release.Build.0 = Release|.NET
		{9EBAB076-12F4-4549-9FD5-6D2B8B387B06}.Debug.ActiveCfg = Debug|.NET
		{9EBAB076-12F4-4549-9FD5-6D2B8B387B06}.Debug.Build.0 = Debug|.NET
		{9EBAB076-12F4-4549-9FD5-6D2B8B387B06}.DesignTimeDebugging.ActiveCfg = Debug|.NET
		{9EBAB076-12F4-4549-9FD5-6D2B8B387B06}.DesignTimeDebugging.Build.0 = Debug|.NET
		{9EBAB076-12F4-4549-9FD5-6D2B8B387B06}.Release.ActiveCfg = Release|.NET
		{9EBAB076-12F4-4549-9FD5-6D2B8B387B06}.Release.Build.0 = Release|.NET
		{10C6C0B9-4EE3-416A-9D09-E1F34EF1DCEE}.Debug.ActiveCfg = Debug|.NET
		{10C6C0B9-4EE3-416A-9D09-E1F34EF1DCEE}.Debug.Build.0 = Debug|.NET
		{10C6C0B9-4EE3-416A-9D09-E1F34EF1DCEE}.DesignTimeDebugging.ActiveCfg = Debug|.NET
		{10C6C0B9-4EE3-416A-9D09-E1F34EF1DCEE}.DesignTimeDebugging.Build.0 = Debug|.NET
		{10C6C0B9-4EE3-416A-9D09-E1F34EF1DCEE}.Release.ActiveCfg = Release|.NET
		{10C6C0B9-4EE3-416A-9D09-E1F34EF1DCEE}.Release.Build.0 = Release|.NET
		{62C31D94-812C-430E-AB9B-7DCF84D93BAE}.Debug.ActiveCfg = Debug|.NET
		{62C31D94-812C-430E-AB9B-7DCF84D93BAE}.Debug.Build.0 = Debug|.NET
		{62C31D94-812C-430E-AB9B-7DCF84D93BAE}.DesignTimeDebugging.ActiveCfg = Debug|.NET
		{62C31D94-812C-430E-AB9B-7DCF84D93BAE}.DesignTimeDebugging.Build.0 = Debug|.NET
		{62C31D94-812C-430E-AB9B-7DCF84D93BAE}.Release.ActiveCfg = Release|.NET
		{62C31D94-812C-430E-AB9B-7DCF84D93BAE}.Release.Build.0 = Release|.NET
		{CFB678A9-510C-4951-9023-541314265BA6}.Debug.ActiveCfg = Debug|.NET
		{CFB678A9-510C-4951-9023-541314265BA6}.Debug.Build.0 = Debug|.NET
		{CFB678A9-510C-4951-9023-541314265BA6}.DesignTimeDebugging.ActiveCfg = Debug|.NET
		{CFB678A9-510C-4951-9023-541314265BA6}.DesignTimeDebugging.Build.0 = Debug|.NET
		{CFB678A9-510C-4951-9023-541314265BA6}.Release.ActiveCfg = Release|.NET
		{CFB678A9-510C-4951-9023-541314265BA6}.Release.Build.0 = Release|.NET
		{C25BDC77-6277-4488-ADEF-2A16C60E2595}.Debug.ActiveCfg = Debug|.NET
		{C25BDC77-6277-4488-ADEF-2A16C60E2595}.Debug.Build.0 = Debug|.NET
		{C25BDC77-6277-4488-ADEF-2A16C60E2595}.DesignTimeDebugging.ActiveCfg = Debug|.NET
		{C25BDC77-6277-4488-ADEF-2A16C60E2595}.DesignTimeDebugging.Build.0 = Debug|.NET
		{C25BDC77-6277-4488-ADEF-2A16C60E2595}.Release.ActiveCfg = Release|.NET
		{C25BDC77-6277-4488-ADEF-2A16C60E2595}.Release.Build.0 = Release|.NET
	EndGlobalSection
	GlobalSection(SolutionItems) = postSolution
		Icon1.ico = Icon1.ico
		LayerButtons.bmp = LayerButtons.bmp
	EndGlobalSection
	GlobalSection(ExtensibilityGlobals) = postSolution
	EndGlobalSection
	GlobalSection(ExtensibilityAddIns) = postSolution
	EndGlobalSection
EndGlobal
