
Microsoft Visual Studio Solution File, Format Version 9.00
# Visual Studio 2005
Project("{FAE04EC0-301F-11D3-BF4B-00C04F79EFBC}") = "AltaxoBase.Vs8", "Altaxo\Base\AltaxoBase.Vs8.csproj", "{CA928A5C-9673-4FBB-A60E-F91364CC9DB5}"
EndProject
Project("{FAE04EC0-301F-11D3-BF4B-00C04F79EFBC}") = "AltaxoCoreTest.Vs8", "Altaxo\CoreTest\AltaxoCoreTest.Vs8.csproj", "{95A2BF58-8568-4512-BD82-F0240FFC7558}"
EndProject
Project("{54435603-DBB4-11D2-8724-00A0C9A8B90C}") = "Setup.Vs8", "Altaxo\Setup\Setup.Vs8.vdproj", "{7C0AE96C-6D0A-423E-8E4A-62120F6B8061}"
EndProject
Project("{FAE04EC0-301F-11D3-BF4B-00C04F79EFBC}") = "AltaxoStartup.Vs8", "Altaxo\Startup\AltaxoStartup.Vs8.csproj", "{63420446-3D85-4D00-BA9E-9EA7680B87E0}"
	ProjectSection(ProjectDependencies) = postProject
		{012F4935-9036-4F02-8C03-060EC9514A1D} = {012F4935-9036-4F02-8C03-060EC9514A1D}
		{CA928A5C-9673-4FBB-A60E-F91364CC9DB5} = {CA928A5C-9673-4FBB-A60E-F91364CC9DB5}
		{9EBAB076-12F4-4549-9FD5-6D2B8B387B06} = {9EBAB076-12F4-4549-9FD5-6D2B8B387B06}
		{7045C197-9DA8-4FA4-886C-992ACADD838F} = {7045C197-9DA8-4FA4-886C-992ACADD838F}
	EndProjectSection
EndProject
Project("{FAE04EC0-301F-11D3-BF4B-00C04F79EFBC}") = "Content.Vs8", "Content\Content.Vs8.csproj", "{012F4935-9036-4F02-8C03-060EC9514A1D}"
EndProject
Project("{FAE04EC0-301F-11D3-BF4B-00C04F79EFBC}") = "AltaxoCore.Vs8", "Altaxo\Core\AltaxoCore.Vs8.csproj", "{7045C197-9DA8-4FA4-886C-992ACADD838F}"
EndProject
Project("{FAE04EC0-301F-11D3-BF4B-00C04F79EFBC}") = "AltaxoSDGui.Vs8", "Altaxo\SDGui\AltaxoSDGui.Vs8.csproj", "{9EBAB076-12F4-4549-9FD5-6D2B8B387B06}"
EndProject
Project("{FAE04EC0-301F-11D3-BF4B-00C04F79EFBC}") = "zICSharpCode.SharpZipLib.Vs8", "Libraries\SharpZipLib\src\zICSharpCode.SharpZipLib.Vs8.csproj", "{62C31D94-812C-430E-AB9B-7DCF84D93BAE}"
EndProject
Project("{FAE04EC0-301F-11D3-BF4B-00C04F79EFBC}") = "AltaxoBaseTest.Vs8", "Altaxo\BaseTest\AltaxoBaseTest.Vs8.csproj", "{3B2A9A3B-5EBC-4C38-8B73-B4DCA6BFB1C3}"
EndProject
Project("{2150E333-8FDC-42A3-9474-1A3956D46DE8}") = "Solution Items", "Solution Items", "{D74A8CA6-2E0C-4E69-ADF7-0DE96598FD94}"
	ProjectSection(SolutionItems) = preProject
		Content\doc\altaxotodo.xml = Content\doc\altaxotodo.xml
		Icon1.ico = Icon1.ico
		LayerButtons.bmp = LayerButtons.bmp
	EndProjectSection
EndProject
Project("{FAE04EC0-301F-11D3-BF4B-00C04F79EFBC}") = "zNumerator", "Libraries\Numerator\zNumerator.csproj", "{1CFDD727-D2B7-4521-AF53-D24EA4C69176}"
EndProject
Project("{FAE04EC0-301F-11D3-BF4B-00C04F79EFBC}") = "ICSharpCode.Core", "Libraries\ICSharpCode.Core\Project\ICSharpCode.Core.csproj", "{35CEF10F-2D4C-45F2-9DD1-161E0FEC583C}"
EndProject
Project("{FAE04EC0-301F-11D3-BF4B-00C04F79EFBC}") = "log4net", "Libraries\log4net\src\log4net.csproj", "{F6A02431-167E-4347-BC43-65532C31CDB7}"
EndProject
Project("{FAE04EC0-301F-11D3-BF4B-00C04F79EFBC}") = "ICSharpCode.SharpDevelop", "Libraries\SharpDevelop.Base\Project\ICSharpCode.SharpDevelop.csproj", "{2748AD25-9C63-4E12-877B-4DCE96FBED54}"
EndProject
Project("{FAE04EC0-301F-11D3-BF4B-00C04F79EFBC}") = "NRefactory", "Libraries\NRefactory\Project\NRefactory.csproj", "{3A9AE6AA-BC07-4A2F-972C-581E3AE2F195}"
EndProject
Project("{FAE04EC0-301F-11D3-BF4B-00C04F79EFBC}") = "WinFormsUI", "Libraries\WinFormsUI\WinFormsUI\WinFormsUI.csproj", "{D3C782BA-178E-4235-A3BA-8C11DEBB6BEE}"
EndProject
Project("{FAE04EC0-301F-11D3-BF4B-00C04F79EFBC}") = "ICSharpCode.TextEditor", "Libraries\ICSharpCode.TextEditor\Project\ICSharpCode.TextEditor.csproj", "{2D18BE89-D210-49EB-A9DD-2246FBB3DF6D}"
EndProject
Project("{FAE04EC0-301F-11D3-BF4B-00C04F79EFBC}") = "CSharpBinding", "Libraries\CSharpBinding\Project\CSharpBinding.csproj", "{1F1AC7CD-D154-45BB-8EAF-804CA8055F5A}"
EndProject
Project("{FAE04EC0-301F-11D3-BF4B-00C04F79EFBC}") = "ICSharpCode.SharpDevelop.Dom", "Libraries\ICSharpCode.SharpDevelop.Dom\Project\ICSharpCode.SharpDevelop.Dom.csproj", "{924EE450-603D-49C1-A8E5-4AFAA31CE6F3}"
EndProject
Project("{FAE04EC0-301F-11D3-BF4B-00C04F79EFBC}") = "ICSharpCode.SharpDevelop.Widgets", "Libraries\ICSharpCode.SharpDevelop.Widgets\Project\ICSharpCode.SharpDevelop.Widgets.csproj", "{8035765F-D51F-4A0C-A746-2FD100E19419}"
EndProject
Project("{FAE04EC0-301F-11D3-BF4B-00C04F79EFBC}") = "ICSharpCode.SharpDevelop.Sda", "Libraries\ICSharpCode.SharpDevelop.Sda\ICSharpCode.SharpDevelop.Sda.csproj", "{80318B5F-A25D-45AB-8A95-EF31D2370A4C}"
EndProject
Global
	GlobalSection(SolutionConfigurationPlatforms) = preSolution
		Debug|Any CPU = Debug|Any CPU
		DesignTimeDebugging|Any CPU = DesignTimeDebugging|Any CPU
		Release|Any CPU = Release|Any CPU
	EndGlobalSection
	GlobalSection(ProjectConfigurationPlatforms) = postSolution
		{CA928A5C-9673-4FBB-A60E-F91364CC9DB5}.Debug|Any CPU.ActiveCfg = Debug|Any CPU
		{CA928A5C-9673-4FBB-A60E-F91364CC9DB5}.Debug|Any CPU.Build.0 = Debug|Any CPU
		{CA928A5C-9673-4FBB-A60E-F91364CC9DB5}.DesignTimeDebugging|Any CPU.ActiveCfg = DesignTimeDebugging|Any CPU
		{CA928A5C-9673-4FBB-A60E-F91364CC9DB5}.DesignTimeDebugging|Any CPU.Build.0 = DesignTimeDebugging|Any CPU
		{CA928A5C-9673-4FBB-A60E-F91364CC9DB5}.Release|Any CPU.ActiveCfg = Release|Any CPU
		{CA928A5C-9673-4FBB-A60E-F91364CC9DB5}.Release|Any CPU.Build.0 = Release|Any CPU
		{95A2BF58-8568-4512-BD82-F0240FFC7558}.Debug|Any CPU.ActiveCfg = Debug|Any CPU
		{95A2BF58-8568-4512-BD82-F0240FFC7558}.Debug|Any CPU.Build.0 = Debug|Any CPU
		{95A2BF58-8568-4512-BD82-F0240FFC7558}.DesignTimeDebugging|Any CPU.ActiveCfg = Debug|Any CPU
		{95A2BF58-8568-4512-BD82-F0240FFC7558}.DesignTimeDebugging|Any CPU.Build.0 = Debug|Any CPU
		{95A2BF58-8568-4512-BD82-F0240FFC7558}.Release|Any CPU.ActiveCfg = Release|Any CPU
		{95A2BF58-8568-4512-BD82-F0240FFC7558}.Release|Any CPU.Build.0 = Release|Any CPU
		{7C0AE96C-6D0A-423E-8E4A-62120F6B8061}.Debug|Any CPU.ActiveCfg = Debug
		{7C0AE96C-6D0A-423E-8E4A-62120F6B8061}.Debug|Any CPU.Build.0 = Debug|Any CPU
		{7C0AE96C-6D0A-423E-8E4A-62120F6B8061}.DesignTimeDebugging|Any CPU.ActiveCfg = Debug
		{7C0AE96C-6D0A-423E-8E4A-62120F6B8061}.DesignTimeDebugging|Any CPU.Build.0 = Debug
		{7C0AE96C-6D0A-423E-8E4A-62120F6B8061}.Release|Any CPU.ActiveCfg = Release
		{7C0AE96C-6D0A-423E-8E4A-62120F6B8061}.Release|Any CPU.Build.0 = Release|Any CPU
		{63420446-3D85-4D00-BA9E-9EA7680B87E0}.Debug|Any CPU.ActiveCfg = Debug|Any CPU
		{63420446-3D85-4D00-BA9E-9EA7680B87E0}.Debug|Any CPU.Build.0 = Debug|Any CPU
		{63420446-3D85-4D00-BA9E-9EA7680B87E0}.DesignTimeDebugging|Any CPU.ActiveCfg = Debug|Any CPU
		{63420446-3D85-4D00-BA9E-9EA7680B87E0}.DesignTimeDebugging|Any CPU.Build.0 = Debug|Any CPU
		{63420446-3D85-4D00-BA9E-9EA7680B87E0}.Release|Any CPU.ActiveCfg = Release|Any CPU
		{63420446-3D85-4D00-BA9E-9EA7680B87E0}.Release|Any CPU.Build.0 = Release|Any CPU
		{012F4935-9036-4F02-8C03-060EC9514A1D}.Debug|Any CPU.ActiveCfg = Debug|Any CPU
		{012F4935-9036-4F02-8C03-060EC9514A1D}.Debug|Any CPU.Build.0 = Debug|Any CPU
		{012F4935-9036-4F02-8C03-060EC9514A1D}.DesignTimeDebugging|Any CPU.ActiveCfg = Debug|Any CPU
		{012F4935-9036-4F02-8C03-060EC9514A1D}.DesignTimeDebugging|Any CPU.Build.0 = Debug|Any CPU
		{012F4935-9036-4F02-8C03-060EC9514A1D}.Release|Any CPU.ActiveCfg = Release|Any CPU
		{012F4935-9036-4F02-8C03-060EC9514A1D}.Release|Any CPU.Build.0 = Release|Any CPU
		{7045C197-9DA8-4FA4-886C-992ACADD838F}.Debug|Any CPU.ActiveCfg = Debug|Any CPU
		{7045C197-9DA8-4FA4-886C-992ACADD838F}.Debug|Any CPU.Build.0 = Debug|Any CPU
		{7045C197-9DA8-4FA4-886C-992ACADD838F}.DesignTimeDebugging|Any CPU.ActiveCfg = Debug|Any CPU
		{7045C197-9DA8-4FA4-886C-992ACADD838F}.DesignTimeDebugging|Any CPU.Build.0 = Debug|Any CPU
		{7045C197-9DA8-4FA4-886C-992ACADD838F}.Release|Any CPU.ActiveCfg = Release|Any CPU
		{7045C197-9DA8-4FA4-886C-992ACADD838F}.Release|Any CPU.Build.0 = Release|Any CPU
		{9EBAB076-12F4-4549-9FD5-6D2B8B387B06}.Debug|Any CPU.ActiveCfg = Debug|Any CPU
		{9EBAB076-12F4-4549-9FD5-6D2B8B387B06}.Debug|Any CPU.Build.0 = Debug|Any CPU
		{9EBAB076-12F4-4549-9FD5-6D2B8B387B06}.DesignTimeDebugging|Any CPU.ActiveCfg = Debug|Any CPU
		{9EBAB076-12F4-4549-9FD5-6D2B8B387B06}.DesignTimeDebugging|Any CPU.Build.0 = Debug|Any CPU
		{9EBAB076-12F4-4549-9FD5-6D2B8B387B06}.Release|Any CPU.ActiveCfg = Release|Any CPU
		{9EBAB076-12F4-4549-9FD5-6D2B8B387B06}.Release|Any CPU.Build.0 = Release|Any CPU
		{62C31D94-812C-430E-AB9B-7DCF84D93BAE}.Debug|Any CPU.ActiveCfg = Debug|Any CPU
		{62C31D94-812C-430E-AB9B-7DCF84D93BAE}.Debug|Any CPU.Build.0 = Debug|Any CPU
		{62C31D94-812C-430E-AB9B-7DCF84D93BAE}.DesignTimeDebugging|Any CPU.ActiveCfg = Debug|Any CPU
		{62C31D94-812C-430E-AB9B-7DCF84D93BAE}.DesignTimeDebugging|Any CPU.Build.0 = Debug|Any CPU
		{62C31D94-812C-430E-AB9B-7DCF84D93BAE}.Release|Any CPU.ActiveCfg = Release|Any CPU
		{62C31D94-812C-430E-AB9B-7DCF84D93BAE}.Release|Any CPU.Build.0 = Release|Any CPU
		{3B2A9A3B-5EBC-4C38-8B73-B4DCA6BFB1C3}.Debug|Any CPU.ActiveCfg = Debug|Any CPU
		{3B2A9A3B-5EBC-4C38-8B73-B4DCA6BFB1C3}.Debug|Any CPU.Build.0 = Debug|Any CPU
		{3B2A9A3B-5EBC-4C38-8B73-B4DCA6BFB1C3}.DesignTimeDebugging|Any CPU.ActiveCfg = Debug|Any CPU
		{3B2A9A3B-5EBC-4C38-8B73-B4DCA6BFB1C3}.DesignTimeDebugging|Any CPU.Build.0 = Debug|Any CPU
		{3B2A9A3B-5EBC-4C38-8B73-B4DCA6BFB1C3}.Release|Any CPU.ActiveCfg = Release|Any CPU
		{3B2A9A3B-5EBC-4C38-8B73-B4DCA6BFB1C3}.Release|Any CPU.Build.0 = Release|Any CPU
		{1CFDD727-D2B7-4521-AF53-D24EA4C69176}.Debug|Any CPU.ActiveCfg = Debug|Any CPU
		{1CFDD727-D2B7-4521-AF53-D24EA4C69176}.Debug|Any CPU.Build.0 = Debug|Any CPU
		{1CFDD727-D2B7-4521-AF53-D24EA4C69176}.DesignTimeDebugging|Any CPU.ActiveCfg = Debug|Any CPU
		{1CFDD727-D2B7-4521-AF53-D24EA4C69176}.DesignTimeDebugging|Any CPU.Build.0 = Debug|Any CPU
		{1CFDD727-D2B7-4521-AF53-D24EA4C69176}.Release|Any CPU.ActiveCfg = Release|Any CPU
		{1CFDD727-D2B7-4521-AF53-D24EA4C69176}.Release|Any CPU.Build.0 = Release|Any CPU
		{35CEF10F-2D4C-45F2-9DD1-161E0FEC583C}.Debug|Any CPU.ActiveCfg = Debug|Any CPU
		{35CEF10F-2D4C-45F2-9DD1-161E0FEC583C}.Debug|Any CPU.Build.0 = Debug|Any CPU
		{35CEF10F-2D4C-45F2-9DD1-161E0FEC583C}.DesignTimeDebugging|Any CPU.ActiveCfg = Debug|Any CPU
		{35CEF10F-2D4C-45F2-9DD1-161E0FEC583C}.DesignTimeDebugging|Any CPU.Build.0 = Debug|Any CPU
		{35CEF10F-2D4C-45F2-9DD1-161E0FEC583C}.Release|Any CPU.ActiveCfg = Release|Any CPU
		{35CEF10F-2D4C-45F2-9DD1-161E0FEC583C}.Release|Any CPU.Build.0 = Release|Any CPU
		{F6A02431-167E-4347-BC43-65532C31CDB7}.Debug|Any CPU.ActiveCfg = Debug|Any CPU
		{F6A02431-167E-4347-BC43-65532C31CDB7}.Debug|Any CPU.Build.0 = Debug|Any CPU
		{F6A02431-167E-4347-BC43-65532C31CDB7}.DesignTimeDebugging|Any CPU.ActiveCfg = Debug|Any CPU
		{F6A02431-167E-4347-BC43-65532C31CDB7}.DesignTimeDebugging|Any CPU.Build.0 = Debug|Any CPU
		{F6A02431-167E-4347-BC43-65532C31CDB7}.Release|Any CPU.ActiveCfg = Release|Any CPU
		{F6A02431-167E-4347-BC43-65532C31CDB7}.Release|Any CPU.Build.0 = Release|Any CPU
		{2748AD25-9C63-4E12-877B-4DCE96FBED54}.Debug|Any CPU.ActiveCfg = Debug|Any CPU
		{2748AD25-9C63-4E12-877B-4DCE96FBED54}.Debug|Any CPU.Build.0 = Debug|Any CPU
		{2748AD25-9C63-4E12-877B-4DCE96FBED54}.DesignTimeDebugging|Any CPU.ActiveCfg = Debug|Any CPU
		{2748AD25-9C63-4E12-877B-4DCE96FBED54}.DesignTimeDebugging|Any CPU.Build.0 = Debug|Any CPU
		{2748AD25-9C63-4E12-877B-4DCE96FBED54}.Release|Any CPU.ActiveCfg = Release|Any CPU
		{2748AD25-9C63-4E12-877B-4DCE96FBED54}.Release|Any CPU.Build.0 = Release|Any CPU
		{3A9AE6AA-BC07-4A2F-972C-581E3AE2F195}.Debug|Any CPU.ActiveCfg = Debug|Any CPU
		{3A9AE6AA-BC07-4A2F-972C-581E3AE2F195}.Debug|Any CPU.Build.0 = Debug|Any CPU
		{3A9AE6AA-BC07-4A2F-972C-581E3AE2F195}.DesignTimeDebugging|Any CPU.ActiveCfg = Debug|Any CPU
		{3A9AE6AA-BC07-4A2F-972C-581E3AE2F195}.DesignTimeDebugging|Any CPU.Build.0 = Debug|Any CPU
		{3A9AE6AA-BC07-4A2F-972C-581E3AE2F195}.Release|Any CPU.ActiveCfg = Release|Any CPU
		{3A9AE6AA-BC07-4A2F-972C-581E3AE2F195}.Release|Any CPU.Build.0 = Release|Any CPU
		{D3C782BA-178E-4235-A3BA-8C11DEBB6BEE}.Debug|Any CPU.ActiveCfg = Debug|Any CPU
		{D3C782BA-178E-4235-A3BA-8C11DEBB6BEE}.Debug|Any CPU.Build.0 = Debug|Any CPU
		{D3C782BA-178E-4235-A3BA-8C11DEBB6BEE}.DesignTimeDebugging|Any CPU.ActiveCfg = Debug|Any CPU
		{D3C782BA-178E-4235-A3BA-8C11DEBB6BEE}.DesignTimeDebugging|Any CPU.Build.0 = Debug|Any CPU
		{D3C782BA-178E-4235-A3BA-8C11DEBB6BEE}.Release|Any CPU.ActiveCfg = Release|Any CPU
		{D3C782BA-178E-4235-A3BA-8C11DEBB6BEE}.Release|Any CPU.Build.0 = Release|Any CPU
		{2D18BE89-D210-49EB-A9DD-2246FBB3DF6D}.Debug|Any CPU.ActiveCfg = Debug|Any CPU
		{2D18BE89-D210-49EB-A9DD-2246FBB3DF6D}.Debug|Any CPU.Build.0 = Debug|Any CPU
		{2D18BE89-D210-49EB-A9DD-2246FBB3DF6D}.DesignTimeDebugging|Any CPU.ActiveCfg = Debug|Any CPU
		{2D18BE89-D210-49EB-A9DD-2246FBB3DF6D}.DesignTimeDebugging|Any CPU.Build.0 = Debug|Any CPU
		{2D18BE89-D210-49EB-A9DD-2246FBB3DF6D}.Release|Any CPU.ActiveCfg = Release|Any CPU
		{2D18BE89-D210-49EB-A9DD-2246FBB3DF6D}.Release|Any CPU.Build.0 = Release|Any CPU
		{1F1AC7CD-D154-45BB-8EAF-804CA8055F5A}.Debug|Any CPU.ActiveCfg = Debug|Any CPU
		{1F1AC7CD-D154-45BB-8EAF-804CA8055F5A}.Debug|Any CPU.Build.0 = Debug|Any CPU
		{1F1AC7CD-D154-45BB-8EAF-804CA8055F5A}.DesignTimeDebugging|Any CPU.ActiveCfg = Debug|Any CPU
		{1F1AC7CD-D154-45BB-8EAF-804CA8055F5A}.DesignTimeDebugging|Any CPU.Build.0 = Debug|Any CPU
		{1F1AC7CD-D154-45BB-8EAF-804CA8055F5A}.Release|Any CPU.ActiveCfg = Release|Any CPU
		{1F1AC7CD-D154-45BB-8EAF-804CA8055F5A}.Release|Any CPU.Build.0 = Release|Any CPU
		{924EE450-603D-49C1-A8E5-4AFAA31CE6F3}.Debug|Any CPU.ActiveCfg = Debug|Any CPU
		{924EE450-603D-49C1-A8E5-4AFAA31CE6F3}.Debug|Any CPU.Build.0 = Debug|Any CPU
		{924EE450-603D-49C1-A8E5-4AFAA31CE6F3}.DesignTimeDebugging|Any CPU.ActiveCfg = Debug|Any CPU
		{924EE450-603D-49C1-A8E5-4AFAA31CE6F3}.DesignTimeDebugging|Any CPU.Build.0 = Debug|Any CPU
		{924EE450-603D-49C1-A8E5-4AFAA31CE6F3}.Release|Any CPU.ActiveCfg = Release|Any CPU
		{924EE450-603D-49C1-A8E5-4AFAA31CE6F3}.Release|Any CPU.Build.0 = Release|Any CPU
		{8035765F-D51F-4A0C-A746-2FD100E19419}.Debug|Any CPU.ActiveCfg = Debug|Any CPU
		{8035765F-D51F-4A0C-A746-2FD100E19419}.Debug|Any CPU.Build.0 = Debug|Any CPU
		{8035765F-D51F-4A0C-A746-2FD100E19419}.DesignTimeDebugging|Any CPU.ActiveCfg = Debug|Any CPU
		{8035765F-D51F-4A0C-A746-2FD100E19419}.DesignTimeDebugging|Any CPU.Build.0 = Debug|Any CPU
		{8035765F-D51F-4A0C-A746-2FD100E19419}.Release|Any CPU.ActiveCfg = Release|Any CPU
		{8035765F-D51F-4A0C-A746-2FD100E19419}.Release|Any CPU.Build.0 = Release|Any CPU
		{80318B5F-A25D-45AB-8A95-EF31D2370A4C}.Debug|Any CPU.ActiveCfg = Debug|Any CPU
		{80318B5F-A25D-45AB-8A95-EF31D2370A4C}.Debug|Any CPU.Build.0 = Debug|Any CPU
		{80318B5F-A25D-45AB-8A95-EF31D2370A4C}.DesignTimeDebugging|Any CPU.ActiveCfg = Debug|Any CPU
		{80318B5F-A25D-45AB-8A95-EF31D2370A4C}.DesignTimeDebugging|Any CPU.Build.0 = Debug|Any CPU
		{80318B5F-A25D-45AB-8A95-EF31D2370A4C}.Release|Any CPU.ActiveCfg = Release|Any CPU
		{80318B5F-A25D-45AB-8A95-EF31D2370A4C}.Release|Any CPU.Build.0 = Release|Any CPU
	EndGlobalSection
	GlobalSection(SolutionProperties) = preSolution
		HideSolutionNode = FALSE
	EndGlobalSection
EndGlobal
