
Microsoft Visual Studio Solution File, Format Version 9.00
# Visual Studio 2005
Project("{FAE04EC0-301F-11D3-BF4B-00C04F79EFBC}") = "AltaxoCore.Vs8", "Altaxo\Core\AltaxoCore.Vs8.csproj", "{7045C197-9DA8-4FA4-886C-992ACADD838F}"
EndProject
Project("{FAE04EC0-301F-11D3-BF4B-00C04F79EFBC}") = "AltaxoCoreTest.Vs8", "Altaxo\CoreTest\AltaxoCoreTest.Vs8.csproj", "{95A2BF58-8568-4512-BD82-F0240FFC7558}"
EndProject
Global
	GlobalSection(SolutionConfigurationPlatforms) = preSolution
		Debug|Any CPU = Debug|Any CPU
		Release|Any CPU = Release|Any CPU
	EndGlobalSection
	GlobalSection(ProjectConfigurationPlatforms) = postSolution
		{7045C197-9DA8-4FA4-886C-992ACADD838F}.Debug|Any CPU.ActiveCfg = Debug|Any CPU
		{7045C197-9DA8-4FA4-886C-992ACADD838F}.Debug|Any CPU.Build.0 = Debug|Any CPU
		{7045C197-9DA8-4FA4-886C-992ACADD838F}.Release|Any CPU.ActiveCfg = Release|Any CPU
		{7045C197-9DA8-4FA4-886C-992ACADD838F}.Release|Any CPU.Build.0 = Release|Any CPU
		{95A2BF58-8568-4512-BD82-F0240FFC7558}.Debug|Any CPU.ActiveCfg = Debug|Any CPU
		{95A2BF58-8568-4512-BD82-F0240FFC7558}.Debug|Any CPU.Build.0 = Debug|Any CPU
		{95A2BF58-8568-4512-BD82-F0240FFC7558}.Release|Any CPU.ActiveCfg = Release|Any CPU
		{95A2BF58-8568-4512-BD82-F0240FFC7558}.Release|Any CPU.Build.0 = Release|Any CPU
	EndGlobalSection
	GlobalSection(SolutionProperties) = preSolution
		HideSolutionNode = FALSE
	EndGlobalSection
EndGlobal
