Microsoft Visual Studio Solution File, Format Version 8.00
Project("{FAE04EC0-301F-11D3-BF4B-00C04F79EFBC}") = "Base", "Base\Base.csproj", "{CA928A5C-9673-4FBB-A60E-F91364CC9DB5}"
	ProjectSection(ProjectDependencies) = postProject
		{AF2C9C35-FC89-4648-9D13-26538C00AFE1} = {AF2C9C35-FC89-4648-9D13-26538C00AFE1}
		{397ADB5E-E608-4304-A3F7-F97E62B33932} = {397ADB5E-E608-4304-A3F7-F97E62B33932}
		{993E6ED0-F820-4264-9989-B6341C179CB4} = {993E6ED0-F820-4264-9989-B6341C179CB4}
		{A1006FEB-2FFC-4507-8D82-265130CDD08E} = {A1006FEB-2FFC-4507-8D82-265130CDD08E}
	EndProjectSection
EndProject
Project("{FAE04EC0-301F-11D3-BF4B-00C04F79EFBC}") = "Startup", "Startup\Startup.csproj", "{AFE09CEA-4F37-4A4A-94EE-760D581F5D51}"
	ProjectSection(ProjectDependencies) = postProject
	EndProjectSection
EndProject
Project("{FAE04EC0-301F-11D3-BF4B-00C04F79EFBC}") = "Test", "Test\Test.csproj", "{95A2BF58-8568-4512-BD82-F0240FFC7558}"
	ProjectSection(ProjectDependencies) = postProject
	EndProjectSection
EndProject
Project("{54435603-DBB4-11D2-8724-00A0C9A8B90C}") = "Setup", "Setup\Setup.vdproj", "{7C0AE96C-6D0A-423E-8E4A-62120F6B8061}"
	ProjectSection(ProjectDependencies) = postProject
	EndProjectSection
EndProject
Project("{FAE04EC0-301F-11D3-BF4B-00C04F79EFBC}") = "BeautyGUI", "BeautyGUI\BeautyGUI.csproj", "{63420446-3D85-4D00-BA9E-9EA7680B87E0}"
	ProjectSection(ProjectDependencies) = postProject
	EndProjectSection
EndProject
Project("{FAE04EC0-301F-11D3-BF4B-00C04F79EFBC}") = "zICSharpCode.Core", "..\Libraries\ICSharpCode.Core\zICSharpCode.Core.csproj", "{A1006FEB-2FFC-4507-8D82-265130CDD08E}"
	ProjectSection(ProjectDependencies) = postProject
	EndProjectSection
EndProject
Project("{FAE04EC0-301F-11D3-BF4B-00C04F79EFBC}") = "zSharpDevelop.Base", "..\Libraries\SharpDevelop.Base\zSharpDevelop.Base.csproj", "{AF2C9C35-FC89-4648-9D13-26538C00AFE1}"
	ProjectSection(ProjectDependencies) = postProject
	EndProjectSection
EndProject
Project("{FAE04EC0-301F-11D3-BF4B-00C04F79EFBC}") = "zCommandBar", "..\Libraries\CommandBar\zCommandBar.csproj", "{397ADB5E-E608-4304-A3F7-F97E62B33932}"
	ProjectSection(ProjectDependencies) = postProject
	EndProjectSection
EndProject
Project("{FAE04EC0-301F-11D3-BF4B-00C04F79EFBC}") = "zMagicLibrary", "..\Libraries\MagicLibrary\zMagicLibrary.csproj", "{993E6ED0-F820-4264-9989-B6341C179CB4}"
	ProjectSection(ProjectDependencies) = postProject
	EndProjectSection
EndProject
Global
	GlobalSection(SolutionConfiguration) = preSolution
		Debug = Debug
		DesignTimeDebugging = DesignTimeDebugging
		Release = Release
	EndGlobalSection
	GlobalSection(ProjectConfiguration) = postSolution
		{CA928A5C-9673-4FBB-A60E-F91364CC9DB5}.Debug.ActiveCfg = Debug|.NET
		{CA928A5C-9673-4FBB-A60E-F91364CC9DB5}.Debug.Build.0 = Debug|.NET
		{CA928A5C-9673-4FBB-A60E-F91364CC9DB5}.DesignTimeDebugging.ActiveCfg = DesignTimeDebugging|.NET
		{CA928A5C-9673-4FBB-A60E-F91364CC9DB5}.DesignTimeDebugging.Build.0 = DesignTimeDebugging|.NET
		{CA928A5C-9673-4FBB-A60E-F91364CC9DB5}.Release.ActiveCfg = Release|.NET
		{CA928A5C-9673-4FBB-A60E-F91364CC9DB5}.Release.Build.0 = Release|.NET
		{AFE09CEA-4F37-4A4A-94EE-760D581F5D51}.Debug.ActiveCfg = Debug|.NET
		{AFE09CEA-4F37-4A4A-94EE-760D581F5D51}.Debug.Build.0 = Debug|.NET
		{AFE09CEA-4F37-4A4A-94EE-760D581F5D51}.DesignTimeDebugging.ActiveCfg = Debug|.NET
		{AFE09CEA-4F37-4A4A-94EE-760D581F5D51}.DesignTimeDebugging.Build.0 = Debug|.NET
		{AFE09CEA-4F37-4A4A-94EE-760D581F5D51}.Release.ActiveCfg = Release|.NET
		{AFE09CEA-4F37-4A4A-94EE-760D581F5D51}.Release.Build.0 = Release|.NET
		{95A2BF58-8568-4512-BD82-F0240FFC7558}.Debug.ActiveCfg = Debug|.NET
		{95A2BF58-8568-4512-BD82-F0240FFC7558}.DesignTimeDebugging.ActiveCfg = Debug|.NET
		{95A2BF58-8568-4512-BD82-F0240FFC7558}.DesignTimeDebugging.Build.0 = Debug|.NET
		{95A2BF58-8568-4512-BD82-F0240FFC7558}.Release.ActiveCfg = Release|.NET
		{95A2BF58-8568-4512-BD82-F0240FFC7558}.Release.Build.0 = Release|.NET
		{7C0AE96C-6D0A-423E-8E4A-62120F6B8061}.Debug.ActiveCfg = Debug
		{7C0AE96C-6D0A-423E-8E4A-62120F6B8061}.DesignTimeDebugging.ActiveCfg = Debug
		{7C0AE96C-6D0A-423E-8E4A-62120F6B8061}.DesignTimeDebugging.Build.0 = Debug
		{7C0AE96C-6D0A-423E-8E4A-62120F6B8061}.Release.ActiveCfg = Release
		{7C0AE96C-6D0A-423E-8E4A-62120F6B8061}.Release.Build.0 = Release
		{63420446-3D85-4D00-BA9E-9EA7680B87E0}.Debug.ActiveCfg = Debug|.NET
		{63420446-3D85-4D00-BA9E-9EA7680B87E0}.Debug.Build.0 = Debug|.NET
		{63420446-3D85-4D00-BA9E-9EA7680B87E0}.DesignTimeDebugging.ActiveCfg = Debug|.NET
		{63420446-3D85-4D00-BA9E-9EA7680B87E0}.DesignTimeDebugging.Build.0 = Debug|.NET
		{63420446-3D85-4D00-BA9E-9EA7680B87E0}.Release.ActiveCfg = Release|.NET
		{63420446-3D85-4D00-BA9E-9EA7680B87E0}.Release.Build.0 = Release|.NET
		{A1006FEB-2FFC-4507-8D82-265130CDD08E}.Debug.ActiveCfg = Debug|.NET
		{A1006FEB-2FFC-4507-8D82-265130CDD08E}.Debug.Build.0 = Debug|.NET
		{A1006FEB-2FFC-4507-8D82-265130CDD08E}.DesignTimeDebugging.ActiveCfg = Debug|.NET
		{A1006FEB-2FFC-4507-8D82-265130CDD08E}.DesignTimeDebugging.Build.0 = Debug|.NET
		{A1006FEB-2FFC-4507-8D82-265130CDD08E}.Release.ActiveCfg = Release|.NET
		{A1006FEB-2FFC-4507-8D82-265130CDD08E}.Release.Build.0 = Release|.NET
		{AF2C9C35-FC89-4648-9D13-26538C00AFE1}.Debug.ActiveCfg = Debug|.NET
		{AF2C9C35-FC89-4648-9D13-26538C00AFE1}.Debug.Build.0 = Debug|.NET
		{AF2C9C35-FC89-4648-9D13-26538C00AFE1}.DesignTimeDebugging.ActiveCfg = Debug|.NET
		{AF2C9C35-FC89-4648-9D13-26538C00AFE1}.DesignTimeDebugging.Build.0 = Debug|.NET
		{AF2C9C35-FC89-4648-9D13-26538C00AFE1}.Release.ActiveCfg = Release|.NET
		{AF2C9C35-FC89-4648-9D13-26538C00AFE1}.Release.Build.0 = Release|.NET
		{397ADB5E-E608-4304-A3F7-F97E62B33932}.Debug.ActiveCfg = Debug|.NET
		{397ADB5E-E608-4304-A3F7-F97E62B33932}.Debug.Build.0 = Debug|.NET
		{397ADB5E-E608-4304-A3F7-F97E62B33932}.DesignTimeDebugging.ActiveCfg = Debug|.NET
		{397ADB5E-E608-4304-A3F7-F97E62B33932}.DesignTimeDebugging.Build.0 = Debug|.NET
		{397ADB5E-E608-4304-A3F7-F97E62B33932}.Release.ActiveCfg = Release|.NET
		{397ADB5E-E608-4304-A3F7-F97E62B33932}.Release.Build.0 = Release|.NET
		{993E6ED0-F820-4264-9989-B6341C179CB4}.Debug.ActiveCfg = Debug|.NET
		{993E6ED0-F820-4264-9989-B6341C179CB4}.Debug.Build.0 = Debug|.NET
		{993E6ED0-F820-4264-9989-B6341C179CB4}.DesignTimeDebugging.ActiveCfg = Debug|.NET
		{993E6ED0-F820-4264-9989-B6341C179CB4}.DesignTimeDebugging.Build.0 = Debug|.NET
		{993E6ED0-F820-4264-9989-B6341C179CB4}.Release.ActiveCfg = Release|.NET
		{993E6ED0-F820-4264-9989-B6341C179CB4}.Release.Build.0 = Release|.NET
	EndGlobalSection
	GlobalSection(SolutionItems) = postSolution
		Icon1.ico = Icon1.ico
		LayerButtons.bmp = LayerButtons.bmp
	EndGlobalSection
	GlobalSection(ExtensibilityGlobals) = postSolution
	EndGlobalSection
	GlobalSection(ExtensibilityAddIns) = postSolution
	EndGlobalSection
EndGlobal
