
Microsoft Visual Studio Solution File, Format Version 11.00
# Visual Studio 2010
Project("{FAE04EC0-301F-11D3-BF4B-00C04F79EFBC}") = "AutoUpdateInstaller", "AutoUpdateInstaller.csproj", "{DDABD252-6327-441B-8B35-08F19AEEC4AC}"
EndProject
Global
	GlobalSection(SolutionConfigurationPlatforms) = preSolution
		Debug|x86 = Debug|x86
		Release|x86 = Release|x86
	EndGlobalSection
	GlobalSection(ProjectConfigurationPlatforms) = postSolution
		{DDABD252-6327-441B-8B35-08F19AEEC4AC}.Debug|x86.ActiveCfg = Debug|x86
		{DDABD252-6327-441B-8B35-08F19AEEC4AC}.Debug|x86.Build.0 = Debug|x86
		{DDABD252-6327-441B-8B35-08F19AEEC4AC}.Release|x86.ActiveCfg = Release|x86
		{DDABD252-6327-441B-8B35-08F19AEEC4AC}.Release|x86.Build.0 = Release|x86
	EndGlobalSection
	GlobalSection(SolutionProperties) = preSolution
		HideSolutionNode = FALSE
	EndGlobalSection
EndGlobal
