Microsoft Visual Studio Solution File, Format Version 9.00
# SharpDevelop 2.0.0.1710
Project("{FAE04EC0-301F-11D3-BF4B-00C04F79EFBC}") = "FastZip", "FastZip.csproj", "{57E8E474-4143-479E-8F41-CC4B12B56F8D}"
EndProject
Project("{FAE04EC0-301F-11D3-BF4B-00C04F79EFBC}") = "ICSharpCode.SharpZipLib", "..\..\..\src\ICSharpCode.SharpZLib.csproj", "{D101E0AD-FC5B-4D35-85E0-D936EBB3F976}"
EndProject
Global
	GlobalSection(SolutionConfigurationPlatforms) = preSolution
		Debug|Any CPU = Debug|Any CPU
		Release|Any CPU = Release|Any CPU
	EndGlobalSection
	GlobalSection(ProjectConfigurationPlatforms) = postSolution
		{D101E0AD-FC5B-4D35-85E0-D936EBB3F976}.Debug|Any CPU.Build.0 = Debug|Any CPU
		{D101E0AD-FC5B-4D35-85E0-D936EBB3F976}.Debug|Any CPU.ActiveCfg = Debug|Any CPU
		{D101E0AD-FC5B-4D35-85E0-D936EBB3F976}.Release|Any CPU.Build.0 = Release|Any CPU
		{D101E0AD-FC5B-4D35-85E0-D936EBB3F976}.Release|Any CPU.ActiveCfg = Release|Any CPU
		{57E8E474-4143-479E-8F41-CC4B12B56F8D}.Debug|Any CPU.Build.0 = Debug|Any CPU
		{57E8E474-4143-479E-8F41-CC4B12B56F8D}.Debug|Any CPU.ActiveCfg = Debug|Any CPU
		{57E8E474-4143-479E-8F41-CC4B12B56F8D}.Release|Any CPU.Build.0 = Release|Any CPU
		{57E8E474-4143-479E-8F41-CC4B12B56F8D}.Release|Any CPU.ActiveCfg = Release|Any CPU
	EndGlobalSection
EndGlobal
