
Microsoft Visual Studio Solution File, Format Version 12.00
# Visual Studio 2012
Project("{930C7802-8A8C-48F9-8165-68863BCCD9DD}") = "Altaxo.Setup", "Altaxo.Setup.wixproj", "{86409505-07FA-4A7C-B59D-9671B9DED224}"
EndProject
Global
	GlobalSection(SolutionConfigurationPlatforms) = preSolution
		Debug|Any CPU = Debug|Any CPU
		Release|Any CPU = Release|Any CPU
	EndGlobalSection
	GlobalSection(ProjectConfigurationPlatforms) = postSolution
		{86409505-07FA-4A7C-B59D-9671B9DED224}.Debug|Any CPU.ActiveCfg = Debug|x86
		{86409505-07FA-4A7C-B59D-9671B9DED224}.Release|Any CPU.ActiveCfg = Release|x86
	EndGlobalSection
	GlobalSection(SolutionProperties) = preSolution
		HideSolutionNode = FALSE
	EndGlobalSection
EndGlobal
